// !$*UTF8*$!
{
	archiveVersion = 1;
	classes = {
	};
	objectVersion = 55;
	objects = {

/* Begin PBXBuildFile section */
		37438095284FD9BA00CB02A5 /* ExceptionDetailResponseDTO.swift in Sources */ = {isa = PBXBuildFile; fileRef = 37438094284FD9BA00CB02A5 /* ExceptionDetailResponseDTO.swift */; };
		37438097284FD9F800CB02A5 /* ExceptionResponseDTO.swift in Sources */ = {isa = PBXBuildFile; fileRef = 37438096284FD9F800CB02A5 /* ExceptionResponseDTO.swift */; };
		3743809D284FDB5300CB02A5 /* ExceptionResponseInfoDTO.swift in Sources */ = {isa = PBXBuildFile; fileRef = 3743809C284FDB5300CB02A5 /* ExceptionResponseInfoDTO.swift */; };
		3743809F284FDBB600CB02A5 /* SignInResponseDTO.swift in Sources */ = {isa = PBXBuildFile; fileRef = 3743809E284FDBB600CB02A5 /* SignInResponseDTO.swift */; };
		374380A3284FDCE500CB02A5 /* SexDTO.swift in Sources */ = {isa = PBXBuildFile; fileRef = 374380A2284FDCE500CB02A5 /* SexDTO.swift */; };
		374380A7284FDD8A00CB02A5 /* SocialTypeDTO.swift in Sources */ = {isa = PBXBuildFile; fileRef = 374380A6284FDD8A00CB02A5 /* SocialTypeDTO.swift */; };
		374380A9284FDDC600CB02A5 /* TokenResponseDTO.swift in Sources */ = {isa = PBXBuildFile; fileRef = 374380A8284FDDC600CB02A5 /* TokenResponseDTO.swift */; };
		374380AB284FDFDD00CB02A5 /* SearchingRequestDTO.swift in Sources */ = {isa = PBXBuildFile; fileRef = 374380AA284FDFDD00CB02A5 /* SearchingRequestDTO.swift */; };
		374380AD284FE05100CB02A5 /* SearchingClubDTO.swift in Sources */ = {isa = PBXBuildFile; fileRef = 374380AC284FE05100CB02A5 /* SearchingClubDTO.swift */; };
		374380AF284FE13300CB02A5 /* SearchingResponseDTO.swift in Sources */ = {isa = PBXBuildFile; fileRef = 374380AE284FE13300CB02A5 /* SearchingResponseDTO.swift */; };
		29AE222D284B7DAA00EDF34B /* SearchViewController.swift in Sources */ = {isa = PBXBuildFile; fileRef = 29AE222B284B7DAA00EDF34B /* SearchViewController.swift */; };
		29AE222E284B7DAA00EDF34B /* SearchReactor.swift in Sources */ = {isa = PBXBuildFile; fileRef = 29AE222C284B7DAA00EDF34B /* SearchReactor.swift */; };
		29AE2232284B7F1100EDF34B /* UIView+Extension.swift in Sources */ = {isa = PBXBuildFile; fileRef = 29AE2231284B7F1100EDF34B /* UIView+Extension.swift */; };
		37451F252834245100696B21 /* WeakMapTable in Frameworks */ = {isa = PBXBuildFile; productRef = 37451F242834245100696B21 /* WeakMapTable */; };
		37453D7E281DAE0900423CF0 /* BaseViewController.swift in Sources */ = {isa = PBXBuildFile; fileRef = 37453D7D281DAE0900423CF0 /* BaseViewController.swift */; };
		37479B9B283E763B0078386E /* UIColor+Extension.swift in Sources */ = {isa = PBXBuildFile; fileRef = 37479B9A283E763B0078386E /* UIColor+Extension.swift */; };
		37479B9F283EAE140078386E /* UIImage+Extension.swift in Sources */ = {isa = PBXBuildFile; fileRef = 37479B9E283EAE140078386E /* UIImage+Extension.swift */; };
		37479BA1283EBB220078386E /* UIButton+Extension.swift in Sources */ = {isa = PBXBuildFile; fileRef = 37479BA0283EBB220078386E /* UIButton+Extension.swift */; };
		374F41CD2864E5250074F04B /* AccountValidationRepository.swift in Sources */ = {isa = PBXBuildFile; fileRef = 374F41CC2864E5250074F04B /* AccountValidationRepository.swift */; };
		374F41CF2864E6C60074F04B /* AccountValidationResponseDTO.swift in Sources */ = {isa = PBXBuildFile; fileRef = 374F41CE2864E6C60074F04B /* AccountValidationResponseDTO.swift */; };
		374F41D12864E70F0074F04B /* AccountValidation.swift in Sources */ = {isa = PBXBuildFile; fileRef = 374F41D02864E70F0074F04B /* AccountValidation.swift */; };
		374F41D32864E86F0074F04B /* AccountValidationRepositoryInterface.swift in Sources */ = {isa = PBXBuildFile; fileRef = 374F41D22864E86F0074F04B /* AccountValidationRepositoryInterface.swift */; };
		374F41D52864E9490074F04B /* KeychainService.swift in Sources */ = {isa = PBXBuildFile; fileRef = 374F41D42864E9490074F04B /* KeychainService.swift */; };
		374F41D72864E97A0074F04B /* KeychainAccount.swift in Sources */ = {isa = PBXBuildFile; fileRef = 374F41D62864E97A0074F04B /* KeychainAccount.swift */; };
		374F41DA2864EB060074F04B /* KeychainUseCase.swift in Sources */ = {isa = PBXBuildFile; fileRef = 374F41D92864EB060074F04B /* KeychainUseCase.swift */; };
		374F41DC2864ED6E0074F04B /* KeychainTokens.swift in Sources */ = {isa = PBXBuildFile; fileRef = 374F41DB2864ED6E0074F04B /* KeychainTokens.swift */; };
		374F41DE2864F0780074F04B /* KeychainUseCaseInterface.swift in Sources */ = {isa = PBXBuildFile; fileRef = 374F41DD2864F0780074F04B /* KeychainUseCaseInterface.swift */; };
		376006C228487FFE00B27015 /* SignUpProfileCoordinator.swift in Sources */ = {isa = PBXBuildFile; fileRef = 376006C128487FFE00B27015 /* SignUpProfileCoordinator.swift */; };
		376006C528489A2B00B27015 /* RegularExpressionValidator.swift in Sources */ = {isa = PBXBuildFile; fileRef = 376006C428489A2B00B27015 /* RegularExpressionValidator.swift */; };
		376006C82848A16400B27015 /* RegularExpressionValidatable.swift in Sources */ = {isa = PBXBuildFile; fileRef = 376006C72848A16400B27015 /* RegularExpressionValidatable.swift */; };
		376006CA28490EFD00B27015 /* EnableButton.swift in Sources */ = {isa = PBXBuildFile; fileRef = 376006C928490EFD00B27015 /* EnableButton.swift */; };
		37605DEC28394E0400394929 /* AppCoordinator.swift in Sources */ = {isa = PBXBuildFile; fileRef = 37605DEB28394E0400394929 /* AppCoordinator.swift */; };
		37605DEF2839547200394929 /* AuthCoordinator.swift in Sources */ = {isa = PBXBuildFile; fileRef = 37605DEE2839547200394929 /* AuthCoordinator.swift */; };
		37605DF62839FB4100394929 /* RxASAuthorizationControllerDelegateProxy.swift in Sources */ = {isa = PBXBuildFile; fileRef = 37605DF52839FB4100394929 /* RxASAuthorizationControllerDelegateProxy.swift */; };
		37605DF92839FDB300394929 /* ASAuthorizationController+Rx.swift in Sources */ = {isa = PBXBuildFile; fileRef = 37605DF82839FDB300394929 /* ASAuthorizationController+Rx.swift */; };
		37605DFB2839FF4A00394929 /* ASAuthorizationAppleIDButton+Rx.swift in Sources */ = {isa = PBXBuildFile; fileRef = 37605DFA2839FF4A00394929 /* ASAuthorizationAppleIDButton+Rx.swift */; };
		37605DFD283A003B00394929 /* ASAuthorizationAppleIDProvider+Rx.swift in Sources */ = {isa = PBXBuildFile; fileRef = 37605DFC283A003B00394929 /* ASAuthorizationAppleIDProvider+Rx.swift */; };
		37605E01283A2AE200394929 /* RxASAuthorizationControllerPresentationContextProvidingProxy.swift in Sources */ = {isa = PBXBuildFile; fileRef = 37605E00283A2AE200394929 /* RxASAuthorizationControllerPresentationContextProvidingProxy.swift */; };
		37605E05283C12D400394929 /* SignUpAgreementViewController.swift in Sources */ = {isa = PBXBuildFile; fileRef = 37605E03283C12D400394929 /* SignUpAgreementViewController.swift */; };
		37605E06283C12D400394929 /* SignUpAgreementReactor.swift in Sources */ = {isa = PBXBuildFile; fileRef = 37605E04283C12D400394929 /* SignUpAgreementReactor.swift */; };
		37605E08283C179A00394929 /* LoginCoordinator.swift in Sources */ = {isa = PBXBuildFile; fileRef = 37605E07283C179A00394929 /* LoginCoordinator.swift */; };
		37605E0A283C23FC00394929 /* SignUpAgreementCoordinator.swift in Sources */ = {isa = PBXBuildFile; fileRef = 37605E09283C23FC00394929 /* SignUpAgreementCoordinator.swift */; };
		37605E11283C56B900394929 /* RxGesture in Frameworks */ = {isa = PBXBuildFile; productRef = 37605E10283C56B900394929 /* RxGesture */; };
		37654FA8284FBA3600090C3F /* RxBlocking in Frameworks */ = {isa = PBXBuildFile; productRef = 37654FA7284FBA3600090C3F /* RxBlocking */; };
		37654FAA284FBA3600090C3F /* RxRelay in Frameworks */ = {isa = PBXBuildFile; productRef = 37654FA9284FBA3600090C3F /* RxRelay */; };
		37654FAC284FBA3600090C3F /* RxSwift in Frameworks */ = {isa = PBXBuildFile; productRef = 37654FAB284FBA3600090C3F /* RxSwift */; };
		37654FAE284FBA3600090C3F /* RxTest in Frameworks */ = {isa = PBXBuildFile; productRef = 37654FAD284FBA3600090C3F /* RxTest */; };
		3770FFEE283112E8001960A0 /* RxCocoa in Frameworks */ = {isa = PBXBuildFile; productRef = 3770FFED283112E8001960A0 /* RxCocoa */; };
		3770FFF0283112E8001960A0 /* RxSwift in Frameworks */ = {isa = PBXBuildFile; productRef = 3770FFEF283112E8001960A0 /* RxSwift */; };
		3770FFF3283112F4001960A0 /* ReactorKit in Frameworks */ = {isa = PBXBuildFile; productRef = 3770FFF2283112F4001960A0 /* ReactorKit */; };
		3773707F2841B95000D5CCB6 /* CheckBox.swift in Sources */ = {isa = PBXBuildFile; fileRef = 3773707D2841B95000D5CCB6 /* CheckBox.swift */; };
		377370842841BE1000D5CCB6 /* UIButton+Rx.swift in Sources */ = {isa = PBXBuildFile; fileRef = 377370832841BE1000D5CCB6 /* UIButton+Rx.swift */; };
		377370882841DE3500D5CCB6 /* SignUpProfileViewController.swift in Sources */ = {isa = PBXBuildFile; fileRef = 377370862841DE3500D5CCB6 /* SignUpProfileViewController.swift */; };
		377370892841DE3500D5CCB6 /* SignUpProfileReactor.swift in Sources */ = {isa = PBXBuildFile; fileRef = 377370872841DE3500D5CCB6 /* SignUpProfileReactor.swift */; };
		3773708C2841DE6D00D5CCB6 /* UserAuthentification.swift in Sources */ = {isa = PBXBuildFile; fileRef = 3773708B2841DE6D00D5CCB6 /* UserAuthentification.swift */; };
		378F347A281DBDF10063CE4F /* LoginViewController.swift in Sources */ = {isa = PBXBuildFile; fileRef = 378F3478281DBDF10063CE4F /* LoginViewController.swift */; };
		378F347B281DBDF10063CE4F /* LoginReactor.swift in Sources */ = {isa = PBXBuildFile; fileRef = 378F3479281DBDF10063CE4F /* LoginReactor.swift */; };
		378F347E281DBE070063CE4F /* GatherListViewController.swift in Sources */ = {isa = PBXBuildFile; fileRef = 378F347C281DBE070063CE4F /* GatherListViewController.swift */; };
		378F347F281DBE070063CE4F /* GatherListReactor.swift in Sources */ = {isa = PBXBuildFile; fileRef = 378F347D281DBE070063CE4F /* GatherListReactor.swift */; };
		378F3482281DBE140063CE4F /* ChattingViewController.swift in Sources */ = {isa = PBXBuildFile; fileRef = 378F3480281DBE140063CE4F /* ChattingViewController.swift */; };
		378F3483281DBE140063CE4F /* ChattingReactor.swift in Sources */ = {isa = PBXBuildFile; fileRef = 378F3481281DBE140063CE4F /* ChattingReactor.swift */; };
		378F3486281DBE210063CE4F /* ProfileViewController.swift in Sources */ = {isa = PBXBuildFile; fileRef = 378F3484281DBE210063CE4F /* ProfileViewController.swift */; };
		378F3487281DBE210063CE4F /* ProfileReactor.swift in Sources */ = {isa = PBXBuildFile; fileRef = 378F3485281DBE210063CE4F /* ProfileReactor.swift */; };
		378F348B281DC0560063CE4F /* GatherListCoordinator.swift in Sources */ = {isa = PBXBuildFile; fileRef = 378F348A281DC0560063CE4F /* GatherListCoordinator.swift */; };
		378F348D281DC0660063CE4F /* ChattingCoordinator.swift in Sources */ = {isa = PBXBuildFile; fileRef = 378F348C281DC0660063CE4F /* ChattingCoordinator.swift */; };
		378F348F281DC0770063CE4F /* ProfileCoordinator.swift in Sources */ = {isa = PBXBuildFile; fileRef = 378F348E281DC0760063CE4F /* ProfileCoordinator.swift */; };
		37912C65281445AC0087B95E /* AppDelegate.swift in Sources */ = {isa = PBXBuildFile; fileRef = 37912C64281445AC0087B95E /* AppDelegate.swift */; };
		37912C67281445AC0087B95E /* SceneDelegate.swift in Sources */ = {isa = PBXBuildFile; fileRef = 37912C66281445AC0087B95E /* SceneDelegate.swift */; };
		37912C6E281445AD0087B95E /* Assets.xcassets in Resources */ = {isa = PBXBuildFile; fileRef = 37912C6D281445AD0087B95E /* Assets.xcassets */; };
		37912C71281445AD0087B95E /* LaunchScreen.storyboard in Resources */ = {isa = PBXBuildFile; fileRef = 37912C6F281445AD0087B95E /* LaunchScreen.storyboard */; };
		37912C7C281445AD0087B95E /* KeychainProviderTests.swift in Sources */ = {isa = PBXBuildFile; fileRef = 37912C7B281445AD0087B95E /* KeychainProviderTests.swift */; };
		37912C9A281447C40087B95E /* Array+Extension.swift in Sources */ = {isa = PBXBuildFile; fileRef = 37912C99281447C40087B95E /* Array+Extension.swift */; };
		37912C9C2814480C0087B95E /* NSLayoutConstraint+Extension.swift in Sources */ = {isa = PBXBuildFile; fileRef = 37912C9B2814480C0087B95E /* NSLayoutConstraint+Extension.swift */; };
		37912CA0281449230087B95E /* Coordinator.swift in Sources */ = {isa = PBXBuildFile; fileRef = 37912C9F281449230087B95E /* Coordinator.swift */; };
		37912CA2281449610087B95E /* SceneCoordinator.swift in Sources */ = {isa = PBXBuildFile; fileRef = 37912CA1281449610087B95E /* SceneCoordinator.swift */; };
		37912CA628144A530087B95E /* TabCoordinator.swift in Sources */ = {isa = PBXBuildFile; fileRef = 37912CA528144A530087B95E /* TabCoordinator.swift */; };
		379B1A77285A4F7700E58A34 /* AppleCredentialRequestDTO.swift in Sources */ = {isa = PBXBuildFile; fileRef = 379B1A76285A4F7700E58A34 /* AppleCredentialRequestDTO.swift */; };
		379B1A79285A52DA00E58A34 /* AppleLoginRepository.swift in Sources */ = {isa = PBXBuildFile; fileRef = 379B1A78285A52DA00E58A34 /* AppleLoginRepository.swift */; };
		379B1A7B285A52EA00E58A34 /* AppleLoginRepositoryInterface.swift in Sources */ = {isa = PBXBuildFile; fileRef = 379B1A7A285A52EA00E58A34 /* AppleLoginRepositoryInterface.swift */; };
		379B1A7D285A580D00E58A34 /* SignInResult.swift in Sources */ = {isa = PBXBuildFile; fileRef = 379B1A7C285A580D00E58A34 /* SignInResult.swift */; };
		37AA7E142850B15800B4B5C2 /* CategoryDTO.swift in Sources */ = {isa = PBXBuildFile; fileRef = 37AA7E132850B15800B4B5C2 /* CategoryDTO.swift */; };
		37AA7E162850B17600B4B5C2 /* EligibleBreedDTO.swift in Sources */ = {isa = PBXBuildFile; fileRef = 37AA7E152850B17600B4B5C2 /* EligibleBreedDTO.swift */; };
		37AA7E182850B19D00B4B5C2 /* PetSizeTypeDTO.swift in Sources */ = {isa = PBXBuildFile; fileRef = 37AA7E172850B19D00B4B5C2 /* PetSizeTypeDTO.swift */; };
		37AA7E1A2850B1B600B4B5C2 /* EligibleSexDTO.swift in Sources */ = {isa = PBXBuildFile; fileRef = 37AA7E192850B1B600B4B5C2 /* EligibleSexDTO.swift */; };
		37AA7E1C2850B1C400B4B5C2 /* StatusDTO.swift in Sources */ = {isa = PBXBuildFile; fileRef = 37AA7E1B2850B1C400B4B5C2 /* StatusDTO.swift */; };
		37AA7E1E2850B37B00B4B5C2 /* Sex.swift in Sources */ = {isa = PBXBuildFile; fileRef = 37AA7E1D2850B37B00B4B5C2 /* Sex.swift */; };
		37AA7E212851FCA200B4B5C2 /* Authentification.swift in Sources */ = {isa = PBXBuildFile; fileRef = 37AA7E202851FCA200B4B5C2 /* Authentification.swift */; };
		37AC3105284930E6003C3FA2 /* SignUpInfomationViewController.swift in Sources */ = {isa = PBXBuildFile; fileRef = 37AC3103284930E6003C3FA2 /* SignUpInfomationViewController.swift */; };
		37AC3106284930E6003C3FA2 /* SignUpInfomationReactor.swift in Sources */ = {isa = PBXBuildFile; fileRef = 37AC3104284930E6003C3FA2 /* SignUpInfomationReactor.swift */; };
		37AC310828493367003C3FA2 /* ContourView.swift in Sources */ = {isa = PBXBuildFile; fileRef = 37AC310728493367003C3FA2 /* ContourView.swift */; };
		37C14516284DC90900D11CC3 /* HTTPMethod.swift in Sources */ = {isa = PBXBuildFile; fileRef = 37C14515284DC90900D11CC3 /* HTTPMethod.swift */; };
		37C14518284DC94A00D11CC3 /* NetworkError.swift in Sources */ = {isa = PBXBuildFile; fileRef = 37C14517284DC94A00D11CC3 /* NetworkError.swift */; };
		37C1451B284E06E400D11CC3 /* NetworkManager.swift in Sources */ = {isa = PBXBuildFile; fileRef = 37C1451A284E06E400D11CC3 /* NetworkManager.swift */; };
		37C1451D284F9D6500D11CC3 /* NetworkManageable.swift in Sources */ = {isa = PBXBuildFile; fileRef = 37C1451C284F9D6500D11CC3 /* NetworkManageable.swift */; };
		37C14522284F9EFB00D11CC3 /* MockURLProtocol.swift in Sources */ = {isa = PBXBuildFile; fileRef = 37C14521284F9EFB00D11CC3 /* MockURLProtocol.swift */; };
		37C14524284FA17800D11CC3 /* NetworkManagerTests.swift in Sources */ = {isa = PBXBuildFile; fileRef = 37C14523284FA17800D11CC3 /* NetworkManagerTests.swift */; };
		37C3F4ED284BF4380006CB02 /* KeychainProvidable.swift in Sources */ = {isa = PBXBuildFile; fileRef = 37C3F4EC284BF4380006CB02 /* KeychainProvidable.swift */; };
		37C3F4EF284BF4450006CB02 /* KeychainProvider.swift in Sources */ = {isa = PBXBuildFile; fileRef = 37C3F4EE284BF4450006CB02 /* KeychainProvider.swift */; };
		37C3F4F8284C70E40006CB02 /* KeychainQueryRequestable.swift in Sources */ = {isa = PBXBuildFile; fileRef = 37C3F4F7284C70E40006CB02 /* KeychainQueryRequestable.swift */; };
		37C3F4FA284C71030006CB02 /* KeychainQueryRequester.swift in Sources */ = {isa = PBXBuildFile; fileRef = 37C3F4F9284C71030006CB02 /* KeychainQueryRequester.swift */; };
		37C3F4FC284C7D8B0006CB02 /* KeychainError.swift in Sources */ = {isa = PBXBuildFile; fileRef = 37C3F4FB284C7D8B0006CB02 /* KeychainError.swift */; };
		37C3F62C284D194C0006CB02 /* StubKeychainQueryRequester.swift in Sources */ = {isa = PBXBuildFile; fileRef = 37C3F62B284D194C0006CB02 /* StubKeychainQueryRequester.swift */; };
		FD8AD7052851E26200454AC3 /* GatherListTableView.swift in Sources */ = {isa = PBXBuildFile; fileRef = FD8AD7042851E26200454AC3 /* GatherListTableView.swift */; };
		FD8AD7072851E28000454AC3 /* GatherListCell.swift in Sources */ = {isa = PBXBuildFile; fileRef = FD8AD7062851E28000454AC3 /* GatherListCell.swift */; };
		FD8AD7092851E2AA00454AC3 /* PaddingLabel.swift in Sources */ = {isa = PBXBuildFile; fileRef = FD8AD7082851E2AA00454AC3 /* PaddingLabel.swift */; };
		FD8AD70B2851E51300454AC3 /* TagCollectionViewCell.swift in Sources */ = {isa = PBXBuildFile; fileRef = FD8AD70A2851E51300454AC3 /* TagCollectionViewCell.swift */; };
		FD8AD7202852130E00454AC3 /* Pretendard-Regular.otf in Resources */ = {isa = PBXBuildFile; fileRef = FD8AD71B2852130D00454AC3 /* Pretendard-Regular.otf */; };
		FD8AD7212852130E00454AC3 /* Pretendard-Bold.otf in Resources */ = {isa = PBXBuildFile; fileRef = FD8AD71C2852130D00454AC3 /* Pretendard-Bold.otf */; };
		FD8AD7222852130E00454AC3 /* Pretendard-ExtraBold.otf in Resources */ = {isa = PBXBuildFile; fileRef = FD8AD71D2852130D00454AC3 /* Pretendard-ExtraBold.otf */; };
		FD8AD7232852130E00454AC3 /* Pretendard-Medium.otf in Resources */ = {isa = PBXBuildFile; fileRef = FD8AD71E2852130E00454AC3 /* Pretendard-Medium.otf */; };
		FD8AD7242852130E00454AC3 /* Pretendard-SemiBold.otf in Resources */ = {isa = PBXBuildFile; fileRef = FD8AD71F2852130E00454AC3 /* Pretendard-SemiBold.otf */; };
		FD9D38EE28543409005A0C86 /* SegmentView.swift in Sources */ = {isa = PBXBuildFile; fileRef = FD9D38ED28543409005A0C86 /* SegmentView.swift */; };
		FDE6F146285215BD005E4783 /* UIFont+Extension.swift in Sources */ = {isa = PBXBuildFile; fileRef = FDE6F145285215BD005E4783 /* UIFont+Extension.swift */; };
		FDE6F1482852317F005E4783 /* UITableView+Extension.swift in Sources */ = {isa = PBXBuildFile; fileRef = FDE6F1472852317F005E4783 /* UITableView+Extension.swift */; };
		FDE6F14A28523493005E4783 /* UICollectionView+Extension.swift in Sources */ = {isa = PBXBuildFile; fileRef = FDE6F14928523493005E4783 /* UICollectionView+Extension.swift */; };
		FDE6F14C285234A3005E4783 /* NSObject+Extension.swift in Sources */ = {isa = PBXBuildFile; fileRef = FDE6F14B285234A3005E4783 /* NSObject+Extension.swift */; };
/* End PBXBuildFile section */

/* Begin PBXContainerItemProxy section */
		37912C78281445AD0087B95E /* PBXContainerItemProxy */ = {
			isa = PBXContainerItemProxy;
			containerPortal = 37912C59281445AC0087B95E /* Project object */;
			proxyType = 1;
			remoteGlobalIDString = 37912C60281445AC0087B95E;
			remoteInfo = App;
		};
/* End PBXContainerItemProxy section */

/* Begin PBXFileReference section */
		37438094284FD9BA00CB02A5 /* ExceptionDetailResponseDTO.swift */ = {isa = PBXFileReference; lastKnownFileType = sourcecode.swift; path = ExceptionDetailResponseDTO.swift; sourceTree = "<group>"; };
		37438096284FD9F800CB02A5 /* ExceptionResponseDTO.swift */ = {isa = PBXFileReference; lastKnownFileType = sourcecode.swift; path = ExceptionResponseDTO.swift; sourceTree = "<group>"; };
		3743809C284FDB5300CB02A5 /* ExceptionResponseInfoDTO.swift */ = {isa = PBXFileReference; lastKnownFileType = sourcecode.swift; path = ExceptionResponseInfoDTO.swift; sourceTree = "<group>"; };
		3743809E284FDBB600CB02A5 /* SignInResponseDTO.swift */ = {isa = PBXFileReference; lastKnownFileType = sourcecode.swift; path = SignInResponseDTO.swift; sourceTree = "<group>"; };
		374380A2284FDCE500CB02A5 /* SexDTO.swift */ = {isa = PBXFileReference; lastKnownFileType = sourcecode.swift; path = SexDTO.swift; sourceTree = "<group>"; };
		374380A6284FDD8A00CB02A5 /* SocialTypeDTO.swift */ = {isa = PBXFileReference; lastKnownFileType = sourcecode.swift; path = SocialTypeDTO.swift; sourceTree = "<group>"; };
		374380A8284FDDC600CB02A5 /* TokenResponseDTO.swift */ = {isa = PBXFileReference; lastKnownFileType = sourcecode.swift; path = TokenResponseDTO.swift; sourceTree = "<group>"; };
		374380AA284FDFDD00CB02A5 /* SearchingRequestDTO.swift */ = {isa = PBXFileReference; lastKnownFileType = sourcecode.swift; path = SearchingRequestDTO.swift; sourceTree = "<group>"; };
		374380AC284FE05100CB02A5 /* SearchingClubDTO.swift */ = {isa = PBXFileReference; lastKnownFileType = sourcecode.swift; path = SearchingClubDTO.swift; sourceTree = "<group>"; };
		374380AE284FE13300CB02A5 /* SearchingResponseDTO.swift */ = {isa = PBXFileReference; lastKnownFileType = sourcecode.swift; path = SearchingResponseDTO.swift; sourceTree = "<group>"; };
		29AE222B284B7DAA00EDF34B /* SearchViewController.swift */ = {isa = PBXFileReference; lastKnownFileType = sourcecode.swift; path = SearchViewController.swift; sourceTree = "<group>"; };
		29AE222C284B7DAA00EDF34B /* SearchReactor.swift */ = {isa = PBXFileReference; lastKnownFileType = sourcecode.swift; path = SearchReactor.swift; sourceTree = "<group>"; };
		29AE2231284B7F1100EDF34B /* UIView+Extension.swift */ = {isa = PBXFileReference; lastKnownFileType = sourcecode.swift; path = "UIView+Extension.swift"; sourceTree = "<group>"; };
		37453D7D281DAE0900423CF0 /* BaseViewController.swift */ = {isa = PBXFileReference; lastKnownFileType = sourcecode.swift; path = BaseViewController.swift; sourceTree = "<group>"; };
		37479B9A283E763B0078386E /* UIColor+Extension.swift */ = {isa = PBXFileReference; lastKnownFileType = sourcecode.swift; path = "UIColor+Extension.swift"; sourceTree = "<group>"; };
		37479B9E283EAE140078386E /* UIImage+Extension.swift */ = {isa = PBXFileReference; lastKnownFileType = sourcecode.swift; path = "UIImage+Extension.swift"; sourceTree = "<group>"; };
		37479BA0283EBB220078386E /* UIButton+Extension.swift */ = {isa = PBXFileReference; lastKnownFileType = sourcecode.swift; path = "UIButton+Extension.swift"; sourceTree = "<group>"; };
		374F41CC2864E5250074F04B /* AccountValidationRepository.swift */ = {isa = PBXFileReference; lastKnownFileType = sourcecode.swift; path = AccountValidationRepository.swift; sourceTree = "<group>"; };
		374F41CE2864E6C60074F04B /* AccountValidationResponseDTO.swift */ = {isa = PBXFileReference; lastKnownFileType = sourcecode.swift; path = AccountValidationResponseDTO.swift; sourceTree = "<group>"; };
		374F41D02864E70F0074F04B /* AccountValidation.swift */ = {isa = PBXFileReference; lastKnownFileType = sourcecode.swift; path = AccountValidation.swift; sourceTree = "<group>"; };
		374F41D22864E86F0074F04B /* AccountValidationRepositoryInterface.swift */ = {isa = PBXFileReference; lastKnownFileType = sourcecode.swift; path = AccountValidationRepositoryInterface.swift; sourceTree = "<group>"; };
		374F41D42864E9490074F04B /* KeychainService.swift */ = {isa = PBXFileReference; lastKnownFileType = sourcecode.swift; path = KeychainService.swift; sourceTree = "<group>"; };
		374F41D62864E97A0074F04B /* KeychainAccount.swift */ = {isa = PBXFileReference; lastKnownFileType = sourcecode.swift; path = KeychainAccount.swift; sourceTree = "<group>"; };
		374F41D92864EB060074F04B /* KeychainUseCase.swift */ = {isa = PBXFileReference; lastKnownFileType = sourcecode.swift; path = KeychainUseCase.swift; sourceTree = "<group>"; };
		374F41DB2864ED6E0074F04B /* KeychainTokens.swift */ = {isa = PBXFileReference; lastKnownFileType = sourcecode.swift; path = KeychainTokens.swift; sourceTree = "<group>"; };
		374F41DD2864F0780074F04B /* KeychainUseCaseInterface.swift */ = {isa = PBXFileReference; lastKnownFileType = sourcecode.swift; path = KeychainUseCaseInterface.swift; sourceTree = "<group>"; };
		376006C128487FFE00B27015 /* SignUpProfileCoordinator.swift */ = {isa = PBXFileReference; lastKnownFileType = sourcecode.swift; path = SignUpProfileCoordinator.swift; sourceTree = "<group>"; };
		376006C428489A2B00B27015 /* RegularExpressionValidator.swift */ = {isa = PBXFileReference; lastKnownFileType = sourcecode.swift; path = RegularExpressionValidator.swift; sourceTree = "<group>"; };
		376006C72848A16400B27015 /* RegularExpressionValidatable.swift */ = {isa = PBXFileReference; lastKnownFileType = sourcecode.swift; path = RegularExpressionValidatable.swift; sourceTree = "<group>"; };
		376006C928490EFD00B27015 /* EnableButton.swift */ = {isa = PBXFileReference; lastKnownFileType = sourcecode.swift; path = EnableButton.swift; sourceTree = "<group>"; };
		37605DEB28394E0400394929 /* AppCoordinator.swift */ = {isa = PBXFileReference; lastKnownFileType = sourcecode.swift; path = AppCoordinator.swift; sourceTree = "<group>"; };
		37605DEE2839547200394929 /* AuthCoordinator.swift */ = {isa = PBXFileReference; lastKnownFileType = sourcecode.swift; path = AuthCoordinator.swift; sourceTree = "<group>"; };
		37605DF0283967D900394929 /* App.entitlements */ = {isa = PBXFileReference; lastKnownFileType = text.plist.entitlements; path = App.entitlements; sourceTree = "<group>"; };
		37605DF52839FB4100394929 /* RxASAuthorizationControllerDelegateProxy.swift */ = {isa = PBXFileReference; lastKnownFileType = sourcecode.swift; path = RxASAuthorizationControllerDelegateProxy.swift; sourceTree = "<group>"; };
		37605DF82839FDB300394929 /* ASAuthorizationController+Rx.swift */ = {isa = PBXFileReference; lastKnownFileType = sourcecode.swift; path = "ASAuthorizationController+Rx.swift"; sourceTree = "<group>"; };
		37605DFA2839FF4A00394929 /* ASAuthorizationAppleIDButton+Rx.swift */ = {isa = PBXFileReference; lastKnownFileType = sourcecode.swift; path = "ASAuthorizationAppleIDButton+Rx.swift"; sourceTree = "<group>"; };
		37605DFC283A003B00394929 /* ASAuthorizationAppleIDProvider+Rx.swift */ = {isa = PBXFileReference; lastKnownFileType = sourcecode.swift; path = "ASAuthorizationAppleIDProvider+Rx.swift"; sourceTree = "<group>"; };
		37605E00283A2AE200394929 /* RxASAuthorizationControllerPresentationContextProvidingProxy.swift */ = {isa = PBXFileReference; lastKnownFileType = sourcecode.swift; path = RxASAuthorizationControllerPresentationContextProvidingProxy.swift; sourceTree = "<group>"; };
		37605E03283C12D400394929 /* SignUpAgreementViewController.swift */ = {isa = PBXFileReference; lastKnownFileType = sourcecode.swift; path = SignUpAgreementViewController.swift; sourceTree = "<group>"; };
		37605E04283C12D400394929 /* SignUpAgreementReactor.swift */ = {isa = PBXFileReference; lastKnownFileType = sourcecode.swift; path = SignUpAgreementReactor.swift; sourceTree = "<group>"; };
		37605E07283C179A00394929 /* LoginCoordinator.swift */ = {isa = PBXFileReference; lastKnownFileType = sourcecode.swift; path = LoginCoordinator.swift; sourceTree = "<group>"; };
		37605E09283C23FC00394929 /* SignUpAgreementCoordinator.swift */ = {isa = PBXFileReference; lastKnownFileType = sourcecode.swift; path = SignUpAgreementCoordinator.swift; sourceTree = "<group>"; };
		3773707D2841B95000D5CCB6 /* CheckBox.swift */ = {isa = PBXFileReference; lastKnownFileType = sourcecode.swift; path = CheckBox.swift; sourceTree = "<group>"; };
		377370832841BE1000D5CCB6 /* UIButton+Rx.swift */ = {isa = PBXFileReference; lastKnownFileType = sourcecode.swift; path = "UIButton+Rx.swift"; sourceTree = "<group>"; };
		377370862841DE3500D5CCB6 /* SignUpProfileViewController.swift */ = {isa = PBXFileReference; lastKnownFileType = sourcecode.swift; path = SignUpProfileViewController.swift; sourceTree = "<group>"; };
		377370872841DE3500D5CCB6 /* SignUpProfileReactor.swift */ = {isa = PBXFileReference; lastKnownFileType = sourcecode.swift; path = SignUpProfileReactor.swift; sourceTree = "<group>"; };
		3773708B2841DE6D00D5CCB6 /* UserAuthentification.swift */ = {isa = PBXFileReference; lastKnownFileType = sourcecode.swift; path = UserAuthentification.swift; sourceTree = "<group>"; };
		378F3478281DBDF10063CE4F /* LoginViewController.swift */ = {isa = PBXFileReference; lastKnownFileType = sourcecode.swift; path = LoginViewController.swift; sourceTree = "<group>"; };
		378F3479281DBDF10063CE4F /* LoginReactor.swift */ = {isa = PBXFileReference; lastKnownFileType = sourcecode.swift; path = LoginReactor.swift; sourceTree = "<group>"; };
		378F347C281DBE070063CE4F /* GatherListViewController.swift */ = {isa = PBXFileReference; lastKnownFileType = sourcecode.swift; path = GatherListViewController.swift; sourceTree = "<group>"; };
		378F347D281DBE070063CE4F /* GatherListReactor.swift */ = {isa = PBXFileReference; lastKnownFileType = sourcecode.swift; path = GatherListReactor.swift; sourceTree = "<group>"; };
		378F3480281DBE140063CE4F /* ChattingViewController.swift */ = {isa = PBXFileReference; lastKnownFileType = sourcecode.swift; path = ChattingViewController.swift; sourceTree = "<group>"; };
		378F3481281DBE140063CE4F /* ChattingReactor.swift */ = {isa = PBXFileReference; lastKnownFileType = sourcecode.swift; path = ChattingReactor.swift; sourceTree = "<group>"; };
		378F3484281DBE210063CE4F /* ProfileViewController.swift */ = {isa = PBXFileReference; lastKnownFileType = sourcecode.swift; path = ProfileViewController.swift; sourceTree = "<group>"; };
		378F3485281DBE210063CE4F /* ProfileReactor.swift */ = {isa = PBXFileReference; lastKnownFileType = sourcecode.swift; path = ProfileReactor.swift; sourceTree = "<group>"; };
		378F348A281DC0560063CE4F /* GatherListCoordinator.swift */ = {isa = PBXFileReference; lastKnownFileType = sourcecode.swift; path = GatherListCoordinator.swift; sourceTree = "<group>"; };
		378F348C281DC0660063CE4F /* ChattingCoordinator.swift */ = {isa = PBXFileReference; lastKnownFileType = sourcecode.swift; path = ChattingCoordinator.swift; sourceTree = "<group>"; };
		378F348E281DC0760063CE4F /* ProfileCoordinator.swift */ = {isa = PBXFileReference; lastKnownFileType = sourcecode.swift; path = ProfileCoordinator.swift; sourceTree = "<group>"; };
		37912C61281445AC0087B95E /* App.app */ = {isa = PBXFileReference; explicitFileType = wrapper.application; includeInIndex = 0; path = App.app; sourceTree = BUILT_PRODUCTS_DIR; };
		37912C64281445AC0087B95E /* AppDelegate.swift */ = {isa = PBXFileReference; lastKnownFileType = sourcecode.swift; path = AppDelegate.swift; sourceTree = "<group>"; };
		37912C66281445AC0087B95E /* SceneDelegate.swift */ = {isa = PBXFileReference; lastKnownFileType = sourcecode.swift; path = SceneDelegate.swift; sourceTree = "<group>"; };
		37912C6D281445AD0087B95E /* Assets.xcassets */ = {isa = PBXFileReference; lastKnownFileType = folder.assetcatalog; path = Assets.xcassets; sourceTree = "<group>"; };
		37912C70281445AD0087B95E /* Base */ = {isa = PBXFileReference; lastKnownFileType = file.storyboard; name = Base; path = Base.lproj/LaunchScreen.storyboard; sourceTree = "<group>"; };
		37912C72281445AD0087B95E /* Info.plist */ = {isa = PBXFileReference; lastKnownFileType = text.plist.xml; path = Info.plist; sourceTree = "<group>"; };
		37912C77281445AD0087B95E /* AppTests.xctest */ = {isa = PBXFileReference; explicitFileType = wrapper.cfbundle; includeInIndex = 0; path = AppTests.xctest; sourceTree = BUILT_PRODUCTS_DIR; };
		37912C7B281445AD0087B95E /* KeychainProviderTests.swift */ = {isa = PBXFileReference; lastKnownFileType = sourcecode.swift; path = KeychainProviderTests.swift; sourceTree = "<group>"; };
		37912C99281447C40087B95E /* Array+Extension.swift */ = {isa = PBXFileReference; lastKnownFileType = sourcecode.swift; path = "Array+Extension.swift"; sourceTree = "<group>"; };
		37912C9B2814480C0087B95E /* NSLayoutConstraint+Extension.swift */ = {isa = PBXFileReference; lastKnownFileType = sourcecode.swift; path = "NSLayoutConstraint+Extension.swift"; sourceTree = "<group>"; };
		37912C9F281449230087B95E /* Coordinator.swift */ = {isa = PBXFileReference; lastKnownFileType = sourcecode.swift; path = Coordinator.swift; sourceTree = "<group>"; };
		37912CA1281449610087B95E /* SceneCoordinator.swift */ = {isa = PBXFileReference; lastKnownFileType = sourcecode.swift; path = SceneCoordinator.swift; sourceTree = "<group>"; };
		37912CA528144A530087B95E /* TabCoordinator.swift */ = {isa = PBXFileReference; lastKnownFileType = sourcecode.swift; path = TabCoordinator.swift; sourceTree = "<group>"; };
		379B1A76285A4F7700E58A34 /* AppleCredentialRequestDTO.swift */ = {isa = PBXFileReference; lastKnownFileType = sourcecode.swift; path = AppleCredentialRequestDTO.swift; sourceTree = "<group>"; };
		379B1A78285A52DA00E58A34 /* AppleLoginRepository.swift */ = {isa = PBXFileReference; lastKnownFileType = sourcecode.swift; path = AppleLoginRepository.swift; sourceTree = "<group>"; };
		379B1A7A285A52EA00E58A34 /* AppleLoginRepositoryInterface.swift */ = {isa = PBXFileReference; lastKnownFileType = sourcecode.swift; path = AppleLoginRepositoryInterface.swift; sourceTree = "<group>"; };
		379B1A7C285A580D00E58A34 /* SignInResult.swift */ = {isa = PBXFileReference; lastKnownFileType = sourcecode.swift; path = SignInResult.swift; sourceTree = "<group>"; };
		37AA7E132850B15800B4B5C2 /* CategoryDTO.swift */ = {isa = PBXFileReference; lastKnownFileType = sourcecode.swift; path = CategoryDTO.swift; sourceTree = "<group>"; };
		37AA7E152850B17600B4B5C2 /* EligibleBreedDTO.swift */ = {isa = PBXFileReference; lastKnownFileType = sourcecode.swift; path = EligibleBreedDTO.swift; sourceTree = "<group>"; };
		37AA7E172850B19D00B4B5C2 /* PetSizeTypeDTO.swift */ = {isa = PBXFileReference; lastKnownFileType = sourcecode.swift; path = PetSizeTypeDTO.swift; sourceTree = "<group>"; };
		37AA7E192850B1B600B4B5C2 /* EligibleSexDTO.swift */ = {isa = PBXFileReference; lastKnownFileType = sourcecode.swift; path = EligibleSexDTO.swift; sourceTree = "<group>"; };
		37AA7E1B2850B1C400B4B5C2 /* StatusDTO.swift */ = {isa = PBXFileReference; lastKnownFileType = sourcecode.swift; path = StatusDTO.swift; sourceTree = "<group>"; };
		37AA7E1D2850B37B00B4B5C2 /* Sex.swift */ = {isa = PBXFileReference; lastKnownFileType = sourcecode.swift; path = Sex.swift; sourceTree = "<group>"; };
		37AA7E202851FCA200B4B5C2 /* Authentification.swift */ = {isa = PBXFileReference; lastKnownFileType = sourcecode.swift; path = Authentification.swift; sourceTree = "<group>"; };
		37AC3103284930E6003C3FA2 /* SignUpInfomationViewController.swift */ = {isa = PBXFileReference; lastKnownFileType = sourcecode.swift; path = SignUpInfomationViewController.swift; sourceTree = "<group>"; };
		37AC3104284930E6003C3FA2 /* SignUpInfomationReactor.swift */ = {isa = PBXFileReference; lastKnownFileType = sourcecode.swift; path = SignUpInfomationReactor.swift; sourceTree = "<group>"; };
		37AC310728493367003C3FA2 /* ContourView.swift */ = {isa = PBXFileReference; lastKnownFileType = sourcecode.swift; path = ContourView.swift; sourceTree = "<group>"; };
		37C14515284DC90900D11CC3 /* HTTPMethod.swift */ = {isa = PBXFileReference; lastKnownFileType = sourcecode.swift; path = HTTPMethod.swift; sourceTree = "<group>"; };
		37C14517284DC94A00D11CC3 /* NetworkError.swift */ = {isa = PBXFileReference; lastKnownFileType = sourcecode.swift; path = NetworkError.swift; sourceTree = "<group>"; };
		37C1451A284E06E400D11CC3 /* NetworkManager.swift */ = {isa = PBXFileReference; lastKnownFileType = sourcecode.swift; path = NetworkManager.swift; sourceTree = "<group>"; };
		37C1451C284F9D6500D11CC3 /* NetworkManageable.swift */ = {isa = PBXFileReference; lastKnownFileType = sourcecode.swift; path = NetworkManageable.swift; sourceTree = "<group>"; };
		37C14521284F9EFB00D11CC3 /* MockURLProtocol.swift */ = {isa = PBXFileReference; lastKnownFileType = sourcecode.swift; path = MockURLProtocol.swift; sourceTree = "<group>"; };
		37C14523284FA17800D11CC3 /* NetworkManagerTests.swift */ = {isa = PBXFileReference; lastKnownFileType = sourcecode.swift; path = NetworkManagerTests.swift; sourceTree = "<group>"; };
		37C3F4EC284BF4380006CB02 /* KeychainProvidable.swift */ = {isa = PBXFileReference; lastKnownFileType = sourcecode.swift; path = KeychainProvidable.swift; sourceTree = "<group>"; };
		37C3F4EE284BF4450006CB02 /* KeychainProvider.swift */ = {isa = PBXFileReference; lastKnownFileType = sourcecode.swift; path = KeychainProvider.swift; sourceTree = "<group>"; };
		37C3F4F7284C70E40006CB02 /* KeychainQueryRequestable.swift */ = {isa = PBXFileReference; lastKnownFileType = sourcecode.swift; path = KeychainQueryRequestable.swift; sourceTree = "<group>"; };
		37C3F4F9284C71030006CB02 /* KeychainQueryRequester.swift */ = {isa = PBXFileReference; lastKnownFileType = sourcecode.swift; path = KeychainQueryRequester.swift; sourceTree = "<group>"; };
		37C3F4FB284C7D8B0006CB02 /* KeychainError.swift */ = {isa = PBXFileReference; lastKnownFileType = sourcecode.swift; path = KeychainError.swift; sourceTree = "<group>"; };
		37C3F62B284D194C0006CB02 /* StubKeychainQueryRequester.swift */ = {isa = PBXFileReference; lastKnownFileType = sourcecode.swift; path = StubKeychainQueryRequester.swift; sourceTree = "<group>"; };
		FD8AD7042851E26200454AC3 /* GatherListTableView.swift */ = {isa = PBXFileReference; lastKnownFileType = sourcecode.swift; path = GatherListTableView.swift; sourceTree = "<group>"; };
		FD8AD7062851E28000454AC3 /* GatherListCell.swift */ = {isa = PBXFileReference; lastKnownFileType = sourcecode.swift; path = GatherListCell.swift; sourceTree = "<group>"; };
		FD8AD7082851E2AA00454AC3 /* PaddingLabel.swift */ = {isa = PBXFileReference; lastKnownFileType = sourcecode.swift; path = PaddingLabel.swift; sourceTree = "<group>"; };
		FD8AD70A2851E51300454AC3 /* TagCollectionViewCell.swift */ = {isa = PBXFileReference; lastKnownFileType = sourcecode.swift; path = TagCollectionViewCell.swift; sourceTree = "<group>"; };
		FD8AD71B2852130D00454AC3 /* Pretendard-Regular.otf */ = {isa = PBXFileReference; lastKnownFileType = file; path = "Pretendard-Regular.otf"; sourceTree = "<group>"; };
		FD8AD71C2852130D00454AC3 /* Pretendard-Bold.otf */ = {isa = PBXFileReference; lastKnownFileType = file; path = "Pretendard-Bold.otf"; sourceTree = "<group>"; };
		FD8AD71D2852130D00454AC3 /* Pretendard-ExtraBold.otf */ = {isa = PBXFileReference; lastKnownFileType = file; path = "Pretendard-ExtraBold.otf"; sourceTree = "<group>"; };
		FD8AD71E2852130E00454AC3 /* Pretendard-Medium.otf */ = {isa = PBXFileReference; lastKnownFileType = file; path = "Pretendard-Medium.otf"; sourceTree = "<group>"; };
		FD8AD71F2852130E00454AC3 /* Pretendard-SemiBold.otf */ = {isa = PBXFileReference; lastKnownFileType = file; path = "Pretendard-SemiBold.otf"; sourceTree = "<group>"; };
		FD9D38ED28543409005A0C86 /* SegmentView.swift */ = {isa = PBXFileReference; lastKnownFileType = sourcecode.swift; path = SegmentView.swift; sourceTree = "<group>"; };
		FDE6F145285215BD005E4783 /* UIFont+Extension.swift */ = {isa = PBXFileReference; lastKnownFileType = sourcecode.swift; path = "UIFont+Extension.swift"; sourceTree = "<group>"; };
		FDE6F1472852317F005E4783 /* UITableView+Extension.swift */ = {isa = PBXFileReference; lastKnownFileType = sourcecode.swift; path = "UITableView+Extension.swift"; sourceTree = "<group>"; };
		FDE6F14928523493005E4783 /* UICollectionView+Extension.swift */ = {isa = PBXFileReference; lastKnownFileType = sourcecode.swift; path = "UICollectionView+Extension.swift"; sourceTree = "<group>"; };
		FDE6F14B285234A3005E4783 /* NSObject+Extension.swift */ = {isa = PBXFileReference; lastKnownFileType = sourcecode.swift; path = "NSObject+Extension.swift"; sourceTree = "<group>"; };
/* End PBXFileReference section */

/* Begin PBXFrameworksBuildPhase section */
		37912C5E281445AC0087B95E /* Frameworks */ = {
			isa = PBXFrameworksBuildPhase;
			buildActionMask = 2147483647;
			files = (
				3770FFF0283112E8001960A0 /* RxSwift in Frameworks */,
				3770FFF3283112F4001960A0 /* ReactorKit in Frameworks */,
				37605E11283C56B900394929 /* RxGesture in Frameworks */,
				37451F252834245100696B21 /* WeakMapTable in Frameworks */,
				3770FFEE283112E8001960A0 /* RxCocoa in Frameworks */,
			);
			runOnlyForDeploymentPostprocessing = 0;
		};
		37912C74281445AD0087B95E /* Frameworks */ = {
			isa = PBXFrameworksBuildPhase;
			buildActionMask = 2147483647;
			files = (
				37654FAE284FBA3600090C3F /* RxTest in Frameworks */,
				37654FAC284FBA3600090C3F /* RxSwift in Frameworks */,
				37654FAA284FBA3600090C3F /* RxRelay in Frameworks */,
				37654FA8284FBA3600090C3F /* RxBlocking in Frameworks */,
			);
			runOnlyForDeploymentPostprocessing = 0;
		};
/* End PBXFrameworksBuildPhase section */

/* Begin PBXGroup section */
		3712C36328636C0600077131 /* Repository */ = {
			isa = PBXGroup;
			children = (
				379B1A78285A52DA00E58A34 /* AppleLoginRepository.swift */,
				374F41CC2864E5250074F04B /* AccountValidationRepository.swift */,
			);
			path = Repository;
			sourceTree = "<group>";
		};
		37438093284FD8A300CB02A5 /* DTO */ = {
			isa = PBXGroup;
			children = (
				37438094284FD9BA00CB02A5 /* ExceptionDetailResponseDTO.swift */,
				37438096284FD9F800CB02A5 /* ExceptionResponseDTO.swift */,
				3743809E284FDBB600CB02A5 /* SignInResponseDTO.swift */,
				374380A8284FDDC600CB02A5 /* TokenResponseDTO.swift */,
				3743809C284FDB5300CB02A5 /* ExceptionResponseInfoDTO.swift */,
				374380AA284FDFDD00CB02A5 /* SearchingRequestDTO.swift */,
				374380AC284FE05100CB02A5 /* SearchingClubDTO.swift */,
				374380AE284FE13300CB02A5 /* SearchingResponseDTO.swift */,
				374380A2284FDCE500CB02A5 /* SexDTO.swift */,
				374380A6284FDD8A00CB02A5 /* SocialTypeDTO.swift */,
				37AA7E132850B15800B4B5C2 /* CategoryDTO.swift */,
				37AA7E152850B17600B4B5C2 /* EligibleBreedDTO.swift */,
				37AA7E172850B19D00B4B5C2 /* PetSizeTypeDTO.swift */,
				37AA7E192850B1B600B4B5C2 /* EligibleSexDTO.swift */,
				37AA7E1B2850B1C400B4B5C2 /* StatusDTO.swift */,
				379B1A76285A4F7700E58A34 /* AppleCredentialRequestDTO.swift */,
				374F41CE2864E6C60074F04B /* AccountValidationResponseDTO.swift */,
			);
			path = DTO;
			sourceTree = "<group>";
		};
		29AE222A284B7CEC00EDF34B /* SearchScene */ = {
			isa = PBXGroup;
			children = (
				29AE222B284B7DAA00EDF34B /* SearchViewController.swift */,
				29AE222C284B7DAA00EDF34B /* SearchReactor.swift */,
			);
			path = SearchScene;
			sourceTree = "<group>";
		};
		37453D7C281DADF800423CF0 /* ViewController */ = {
			isa = PBXGroup;
			children = (
				37453D7D281DAE0900423CF0 /* BaseViewController.swift */,
			);
			path = ViewController;
			sourceTree = "<group>";
		};
		374F41D82864EAF70074F04B /* UseCase */ = {
			isa = PBXGroup;
			children = (
				374F41D92864EB060074F04B /* KeychainUseCase.swift */,
				374F41DB2864ED6E0074F04B /* KeychainTokens.swift */,
				374F41DD2864F0780074F04B /* KeychainUseCaseInterface.swift */,
			);
			path = UseCase;
			sourceTree = "<group>";
		};
		376006C3284899FA00B27015 /* Service */ = {
			isa = PBXGroup;
			children = (
				37C14512284DC84A00D11CC3 /* Network */,
				37C3F4EB284BF4020006CB02 /* Keychain */,
				376006C62848A14300B27015 /* RegularExpression */,
			);
			path = Service;
			sourceTree = "<group>";
		};
		376006C62848A14300B27015 /* RegularExpression */ = {
			isa = PBXGroup;
			children = (
				376006C428489A2B00B27015 /* RegularExpressionValidator.swift */,
				376006C72848A16400B27015 /* RegularExpressionValidatable.swift */,
			);
			path = RegularExpression;
			sourceTree = "<group>";
		};
		376006CB28492F6700B27015 /* SignUpInfomationScene */ = {
			isa = PBXGroup;
			children = (
				37AC3103284930E6003C3FA2 /* SignUpInfomationViewController.swift */,
				37AC3104284930E6003C3FA2 /* SignUpInfomationReactor.swift */,
			);
			path = SignUpInfomationScene;
			sourceTree = "<group>";
		};
		37605DED28394F4400394929 /* LoginScene */ = {
			isa = PBXGroup;
			children = (
				378F3478281DBDF10063CE4F /* LoginViewController.swift */,
				378F3479281DBDF10063CE4F /* LoginReactor.swift */,
				37605E07283C179A00394929 /* LoginCoordinator.swift */,
				379B1A7C285A580D00E58A34 /* SignInResult.swift */,
				379B1A7A285A52EA00E58A34 /* AppleLoginRepositoryInterface.swift */,
			);
			path = LoginScene;
			sourceTree = "<group>";
		};
		37605DF32839FAF700394929 /* Rx */ = {
			isa = PBXGroup;
			children = (
				37605DF72839FD8E00394929 /* Extension */,
				37605DF42839FB3300394929 /* Proxy */,
			);
			path = Rx;
			sourceTree = "<group>";
		};
		37605DF42839FB3300394929 /* Proxy */ = {
			isa = PBXGroup;
			children = (
				37605DF52839FB4100394929 /* RxASAuthorizationControllerDelegateProxy.swift */,
				37605E00283A2AE200394929 /* RxASAuthorizationControllerPresentationContextProvidingProxy.swift */,
			);
			path = Proxy;
			sourceTree = "<group>";
		};
		37605DF72839FD8E00394929 /* Extension */ = {
			isa = PBXGroup;
			children = (
				37605DFA2839FF4A00394929 /* ASAuthorizationAppleIDButton+Rx.swift */,
				37605DFC283A003B00394929 /* ASAuthorizationAppleIDProvider+Rx.swift */,
				37605DF82839FDB300394929 /* ASAuthorizationController+Rx.swift */,
				377370832841BE1000D5CCB6 /* UIButton+Rx.swift */,
			);
			path = Extension;
			sourceTree = "<group>";
		};
		37605E02283C126100394929 /* SignUpAgreementScene */ = {
			isa = PBXGroup;
			children = (
				37605E03283C12D400394929 /* SignUpAgreementViewController.swift */,
				37605E04283C12D400394929 /* SignUpAgreementReactor.swift */,
				37605E09283C23FC00394929 /* SignUpAgreementCoordinator.swift */,
			);
			path = SignUpAgreementScene;
			sourceTree = "<group>";
		};
		37605E0E283C50C800394929 /* View */ = {
			isa = PBXGroup;
			children = (
				3773707D2841B95000D5CCB6 /* CheckBox.swift */,
				376006C928490EFD00B27015 /* EnableButton.swift */,
				37AC310728493367003C3FA2 /* ContourView.swift */,
				FD8AD7082851E2AA00454AC3 /* PaddingLabel.swift */,
			);
			path = View;
			sourceTree = "<group>";
		};
		377370852841DDE300D5CCB6 /* SignUpProfileScene */ = {
			isa = PBXGroup;
			children = (
				377370862841DE3500D5CCB6 /* SignUpProfileViewController.swift */,
				377370872841DE3500D5CCB6 /* SignUpProfileReactor.swift */,
				376006C128487FFE00B27015 /* SignUpProfileCoordinator.swift */,
				374F41D02864E70F0074F04B /* AccountValidation.swift */,
				374F41D22864E86F0074F04B /* AccountValidationRepositoryInterface.swift */,
			);
			path = SignUpProfileScene;
			sourceTree = "<group>";
		};
		3773708A2841DE4800D5CCB6 /* Entity */ = {
			isa = PBXGroup;
			children = (
				3773708B2841DE6D00D5CCB6 /* UserAuthentification.swift */,
				37AA7E1D2850B37B00B4B5C2 /* Sex.swift */,
				37AA7E202851FCA200B4B5C2 /* Authentification.swift */,
			);
			path = Entity;
			sourceTree = "<group>";
		};
		378F3473281DBCFC0063CE4F /* Scenes */ = {
			isa = PBXGroup;
			children = (
				29AE222A284B7CEC00EDF34B /* SearchScene */,
				378F3476281DBDB10063CE4F /* AuthScene */,
				378F3475281DBD4C0063CE4F /* GatherListScene */,
				378F3474281DBD230063CE4F /* ChattingScene */,
				378F3477281DBDC30063CE4F /* ProfileScene */,
			);
			path = Scenes;
			sourceTree = "<group>";
		};
		378F3474281DBD230063CE4F /* ChattingScene */ = {
			isa = PBXGroup;
			children = (
				378F3480281DBE140063CE4F /* ChattingViewController.swift */,
				378F3481281DBE140063CE4F /* ChattingReactor.swift */,
				378F348C281DC0660063CE4F /* ChattingCoordinator.swift */,
			);
			path = ChattingScene;
			sourceTree = "<group>";
		};
		378F3475281DBD4C0063CE4F /* GatherListScene */ = {
			isa = PBXGroup;
			children = (
				FD8AD7032851E25300454AC3 /* SubComponents */,
				378F348A281DC0560063CE4F /* GatherListCoordinator.swift */,
				378F347C281DBE070063CE4F /* GatherListViewController.swift */,
				378F347D281DBE070063CE4F /* GatherListReactor.swift */,
			);
			path = GatherListScene;
			sourceTree = "<group>";
		};
		378F3476281DBDB10063CE4F /* AuthScene */ = {
			isa = PBXGroup;
			children = (
				3773708A2841DE4800D5CCB6 /* Entity */,
				37605DED28394F4400394929 /* LoginScene */,
				37605E02283C126100394929 /* SignUpAgreementScene */,
				377370852841DDE300D5CCB6 /* SignUpProfileScene */,
				376006CB28492F6700B27015 /* SignUpInfomationScene */,
			);
			path = AuthScene;
			sourceTree = "<group>";
		};
		378F3477281DBDC30063CE4F /* ProfileScene */ = {
			isa = PBXGroup;
			children = (
				378F3484281DBE210063CE4F /* ProfileViewController.swift */,
				378F3485281DBE210063CE4F /* ProfileReactor.swift */,
				378F348E281DC0760063CE4F /* ProfileCoordinator.swift */,
			);
			path = ProfileScene;
			sourceTree = "<group>";
		};
		37912C58281445AC0087B95E = {
			isa = PBXGroup;
			children = (
				37912C63281445AC0087B95E /* App */,
				37912C7A281445AD0087B95E /* AppTests */,
				37912C62281445AC0087B95E /* Products */,
				37C14525284FB2D000D11CC3 /* Frameworks */,
			);
			sourceTree = "<group>";
		};
		37912C62281445AC0087B95E /* Products */ = {
			isa = PBXGroup;
			children = (
				37912C61281445AC0087B95E /* App.app */,
				37912C77281445AD0087B95E /* AppTests.xctest */,
			);
			name = Products;
			sourceTree = "<group>";
		};
		37912C63281445AC0087B95E /* App */ = {
			isa = PBXGroup;
			children = (
				37605DF0283967D900394929 /* App.entitlements */,
				37912C94281446F70087B95E /* Resources */,
				37912C952814470B0087B95E /* Sources */,
				37912C72281445AD0087B95E /* Info.plist */,
			);
			path = App;
			sourceTree = "<group>";
		};
		37912C7A281445AD0087B95E /* AppTests */ = {
			isa = PBXGroup;
			children = (
				37C3F627284D19050006CB02 /* Service */,
			);
			path = AppTests;
			sourceTree = "<group>";
		};
		37912C94281446F70087B95E /* Resources */ = {
			isa = PBXGroup;
			children = (
				FD8AD71A285212FB00454AC3 /* Font */,
				37912C6D281445AD0087B95E /* Assets.xcassets */,
				37912C6F281445AD0087B95E /* LaunchScreen.storyboard */,
			);
			path = Resources;
			sourceTree = "<group>";
		};
		37912C952814470B0087B95E /* Sources */ = {
			isa = PBXGroup;
			children = (
				37912C962814475A0087B95E /* Application */,
				37912C98281447A80087B95E /* Extension */,
				37912C9D281448F70087B95E /* Common */,
				378F3473281DBCFC0063CE4F /* Scenes */,
			);
			path = Sources;
			sourceTree = "<group>";
		};
		37912C962814475A0087B95E /* Application */ = {
			isa = PBXGroup;
			children = (
				37912C64281445AC0087B95E /* AppDelegate.swift */,
				37912C66281445AC0087B95E /* SceneDelegate.swift */,
			);
			path = Application;
			sourceTree = "<group>";
		};
		37912C98281447A80087B95E /* Extension */ = {
			isa = PBXGroup;
			children = (
				37912C99281447C40087B95E /* Array+Extension.swift */,
				37912C9B2814480C0087B95E /* NSLayoutConstraint+Extension.swift */,
				37479B9A283E763B0078386E /* UIColor+Extension.swift */,
				29AE2231284B7F1100EDF34B /* UIView+Extension.swift */,
				37479B9E283EAE140078386E /* UIImage+Extension.swift */,
				37479BA0283EBB220078386E /* UIButton+Extension.swift */,
				FDE6F1472852317F005E4783 /* UITableView+Extension.swift */,
				FDE6F14928523493005E4783 /* UICollectionView+Extension.swift */,
				FDE6F14B285234A3005E4783 /* NSObject+Extension.swift */,
				FDE6F145285215BD005E4783 /* UIFont+Extension.swift */,
			);
			path = Extension;
			sourceTree = "<group>";
		};
		37912C9D281448F70087B95E /* Common */ = {
			isa = PBXGroup;
			children = (
				374F41D82864EAF70074F04B /* UseCase */,
				3712C36328636C0600077131 /* Repository */,
				376006C3284899FA00B27015 /* Service */,
				37605DF32839FAF700394929 /* Rx */,
				37605E0E283C50C800394929 /* View */,
				37453D7C281DADF800423CF0 /* ViewController */,
				37912C9E281449120087B95E /* Coordinator */,
			);
			path = Common;
			sourceTree = "<group>";
		};
		37912C9E281449120087B95E /* Coordinator */ = {
			isa = PBXGroup;
			children = (
				37605DEB28394E0400394929 /* AppCoordinator.swift */,
				37605DEE2839547200394929 /* AuthCoordinator.swift */,
				37912CA528144A530087B95E /* TabCoordinator.swift */,
				37912CA328144A260087B95E /* Protocol */,
			);
			path = Coordinator;
			sourceTree = "<group>";
		};
		37912CA328144A260087B95E /* Protocol */ = {
			isa = PBXGroup;
			children = (
				37912C9F281449230087B95E /* Coordinator.swift */,
				37912CA1281449610087B95E /* SceneCoordinator.swift */,
			);
			path = Protocol;
			sourceTree = "<group>";
		};
		37C14512284DC84A00D11CC3 /* Network */ = {
			isa = PBXGroup;
			children = (
				37438093284FD8A300CB02A5 /* DTO */,
				37C14519284DF23400D11CC3 /* Network */,
				37C14514284DC86300D11CC3 /* HTTPMethod */,
				37C14513284DC85100D11CC3 /* NetworkError */,
			);
			path = Network;
			sourceTree = "<group>";
		};
		37C14513284DC85100D11CC3 /* NetworkError */ = {
			isa = PBXGroup;
			children = (
				37C14517284DC94A00D11CC3 /* NetworkError.swift */,
			);
			path = NetworkError;
			sourceTree = "<group>";
		};
		37C14514284DC86300D11CC3 /* HTTPMethod */ = {
			isa = PBXGroup;
			children = (
				37C14515284DC90900D11CC3 /* HTTPMethod.swift */,
			);
			path = HTTPMethod;
			sourceTree = "<group>";
		};
		37C14519284DF23400D11CC3 /* Network */ = {
			isa = PBXGroup;
			children = (
				37C1451A284E06E400D11CC3 /* NetworkManager.swift */,
				37C1451C284F9D6500D11CC3 /* NetworkManageable.swift */,
			);
			path = Network;
			sourceTree = "<group>";
		};
		37C1451E284F9EC500D11CC3 /* Network */ = {
			isa = PBXGroup;
			children = (
				37C1451F284F9ECB00D11CC3 /* TestDouble */,
				37C14520284F9ED100D11CC3 /* Tests */,
			);
			path = Network;
			sourceTree = "<group>";
		};
		37C1451F284F9ECB00D11CC3 /* TestDouble */ = {
			isa = PBXGroup;
			children = (
				37C14521284F9EFB00D11CC3 /* MockURLProtocol.swift */,
			);
			path = TestDouble;
			sourceTree = "<group>";
		};
		37C14520284F9ED100D11CC3 /* Tests */ = {
			isa = PBXGroup;
			children = (
				37C14523284FA17800D11CC3 /* NetworkManagerTests.swift */,
			);
			path = Tests;
			sourceTree = "<group>";
		};
		37C14525284FB2D000D11CC3 /* Frameworks */ = {
			isa = PBXGroup;
			children = (
			);
			name = Frameworks;
			sourceTree = "<group>";
		};
		37C3F4EB284BF4020006CB02 /* Keychain */ = {
			isa = PBXGroup;
			children = (
				37C3F4FF284C7E8C0006CB02 /* KeychainError */,
				37C3F4FE284C7E6E0006CB02 /* KeychainProvider */,
				37C3F4FD284C7E5B0006CB02 /* KeychainQueryRequester */,
			);
			path = Keychain;
			sourceTree = "<group>";
		};
		37C3F4FD284C7E5B0006CB02 /* KeychainQueryRequester */ = {
			isa = PBXGroup;
			children = (
				37C3F4F7284C70E40006CB02 /* KeychainQueryRequestable.swift */,
				37C3F4F9284C71030006CB02 /* KeychainQueryRequester.swift */,
			);
			path = KeychainQueryRequester;
			sourceTree = "<group>";
		};
		37C3F4FE284C7E6E0006CB02 /* KeychainProvider */ = {
			isa = PBXGroup;
			children = (
				37C3F4EC284BF4380006CB02 /* KeychainProvidable.swift */,
				37C3F4EE284BF4450006CB02 /* KeychainProvider.swift */,
				374F41D42864E9490074F04B /* KeychainService.swift */,
				374F41D62864E97A0074F04B /* KeychainAccount.swift */,
			);
			path = KeychainProvider;
			sourceTree = "<group>";
		};
		37C3F4FF284C7E8C0006CB02 /* KeychainError */ = {
			isa = PBXGroup;
			children = (
				37C3F4FB284C7D8B0006CB02 /* KeychainError.swift */,
			);
			path = KeychainError;
			sourceTree = "<group>";
		};
		37C3F627284D19050006CB02 /* Service */ = {
			isa = PBXGroup;
			children = (
				37C1451E284F9EC500D11CC3 /* Network */,
				37C3F628284D19130006CB02 /* Keychain */,
			);
			path = Service;
			sourceTree = "<group>";
		};
		37C3F628284D19130006CB02 /* Keychain */ = {
			isa = PBXGroup;
			children = (
				37C3F62A284D19330006CB02 /* TestDouble */,
				37C3F629284D19230006CB02 /* Tests */,
			);
			path = Keychain;
			sourceTree = "<group>";
		};
		37C3F629284D19230006CB02 /* Tests */ = {
			isa = PBXGroup;
			children = (
				37912C7B281445AD0087B95E /* KeychainProviderTests.swift */,
			);
			path = Tests;
			sourceTree = "<group>";
		};
		37C3F62A284D19330006CB02 /* TestDouble */ = {
			isa = PBXGroup;
			children = (
				37C3F62B284D194C0006CB02 /* StubKeychainQueryRequester.swift */,
			);
			path = TestDouble;
			sourceTree = "<group>";
		};
		FD8AD7032851E25300454AC3 /* SubComponents */ = {
			isa = PBXGroup;
			children = (
				FD9D38ED28543409005A0C86 /* SegmentView.swift */,
				FD8AD7042851E26200454AC3 /* GatherListTableView.swift */,
				FD8AD7062851E28000454AC3 /* GatherListCell.swift */,
				FD8AD70A2851E51300454AC3 /* TagCollectionViewCell.swift */,
			);
			path = SubComponents;
			sourceTree = "<group>";
		};
		FD8AD71A285212FB00454AC3 /* Font */ = {
			isa = PBXGroup;
			children = (
				FD8AD71C2852130D00454AC3 /* Pretendard-Bold.otf */,
				FD8AD71D2852130D00454AC3 /* Pretendard-ExtraBold.otf */,
				FD8AD71E2852130E00454AC3 /* Pretendard-Medium.otf */,
				FD8AD71B2852130D00454AC3 /* Pretendard-Regular.otf */,
				FD8AD71F2852130E00454AC3 /* Pretendard-SemiBold.otf */,
			);
			path = Font;
			sourceTree = "<group>";
		};
/* End PBXGroup section */

/* Begin PBXNativeTarget section */
		37912C60281445AC0087B95E /* App */ = {
			isa = PBXNativeTarget;
			buildConfigurationList = 37912C8B281445AD0087B95E /* Build configuration list for PBXNativeTarget "App" */;
			buildPhases = (
				37912C5D281445AC0087B95E /* Sources */,
				37912C5E281445AC0087B95E /* Frameworks */,
				37912C5F281445AC0087B95E /* Resources */,
			);
			buildRules = (
			);
			dependencies = (
			);
			name = App;
			packageProductDependencies = (
				3770FFED283112E8001960A0 /* RxCocoa */,
				3770FFEF283112E8001960A0 /* RxSwift */,
				3770FFF2283112F4001960A0 /* ReactorKit */,
				37451F242834245100696B21 /* WeakMapTable */,
				37605E10283C56B900394929 /* RxGesture */,
			);
			productName = App;
			productReference = 37912C61281445AC0087B95E /* App.app */;
			productType = "com.apple.product-type.application";
		};
		37912C76281445AD0087B95E /* AppTests */ = {
			isa = PBXNativeTarget;
			buildConfigurationList = 37912C8E281445AD0087B95E /* Build configuration list for PBXNativeTarget "AppTests" */;
			buildPhases = (
				37912C73281445AD0087B95E /* Sources */,
				37912C74281445AD0087B95E /* Frameworks */,
				37912C75281445AD0087B95E /* Resources */,
			);
			buildRules = (
			);
			dependencies = (
				37912C79281445AD0087B95E /* PBXTargetDependency */,
			);
			name = AppTests;
			packageProductDependencies = (
				37654FA7284FBA3600090C3F /* RxBlocking */,
				37654FA9284FBA3600090C3F /* RxRelay */,
				37654FAB284FBA3600090C3F /* RxSwift */,
				37654FAD284FBA3600090C3F /* RxTest */,
			);
			productName = AppTests;
			productReference = 37912C77281445AD0087B95E /* AppTests.xctest */;
			productType = "com.apple.product-type.bundle.unit-test";
		};
/* End PBXNativeTarget section */

/* Begin PBXProject section */
		37912C59281445AC0087B95E /* Project object */ = {
			isa = PBXProject;
			attributes = {
				BuildIndependentTargetsInParallel = 1;
				LastSwiftUpdateCheck = 1320;
				LastUpgradeCheck = 1320;
				TargetAttributes = {
					37912C60281445AC0087B95E = {
						CreatedOnToolsVersion = 13.2.1;
					};
					37912C76281445AD0087B95E = {
						CreatedOnToolsVersion = 13.2.1;
						TestTargetID = 37912C60281445AC0087B95E;
					};
				};
			};
			buildConfigurationList = 37912C5C281445AC0087B95E /* Build configuration list for PBXProject "App" */;
			compatibilityVersion = "Xcode 13.0";
			developmentRegion = en;
			hasScannedForEncodings = 0;
			knownRegions = (
				en,
				Base,
			);
			mainGroup = 37912C58281445AC0087B95E;
			packageReferences = (
				3770FFEC283112E8001960A0 /* XCRemoteSwiftPackageReference "RxSwift" */,
				3770FFF1283112F4001960A0 /* XCRemoteSwiftPackageReference "ReactorKit" */,
				37451F232834245100696B21 /* XCRemoteSwiftPackageReference "WeakMapTable" */,
				37605E0F283C56B900394929 /* XCRemoteSwiftPackageReference "RxGesture" */,
			);
			productRefGroup = 37912C62281445AC0087B95E /* Products */;
			projectDirPath = "";
			projectRoot = "";
			targets = (
				37912C60281445AC0087B95E /* App */,
				37912C76281445AD0087B95E /* AppTests */,
			);
		};
/* End PBXProject section */

/* Begin PBXResourcesBuildPhase section */
		37912C5F281445AC0087B95E /* Resources */ = {
			isa = PBXResourcesBuildPhase;
			buildActionMask = 2147483647;
			files = (
				37912C71281445AD0087B95E /* LaunchScreen.storyboard in Resources */,
				FD8AD7212852130E00454AC3 /* Pretendard-Bold.otf in Resources */,
				FD8AD7242852130E00454AC3 /* Pretendard-SemiBold.otf in Resources */,
				FD8AD7222852130E00454AC3 /* Pretendard-ExtraBold.otf in Resources */,
				FD8AD7202852130E00454AC3 /* Pretendard-Regular.otf in Resources */,
				37912C6E281445AD0087B95E /* Assets.xcassets in Resources */,
				FD8AD7232852130E00454AC3 /* Pretendard-Medium.otf in Resources */,
			);
			runOnlyForDeploymentPostprocessing = 0;
		};
		37912C75281445AD0087B95E /* Resources */ = {
			isa = PBXResourcesBuildPhase;
			buildActionMask = 2147483647;
			files = (
			);
			runOnlyForDeploymentPostprocessing = 0;
		};
/* End PBXResourcesBuildPhase section */

/* Begin PBXSourcesBuildPhase section */
		37912C5D281445AC0087B95E /* Sources */ = {
			isa = PBXSourcesBuildPhase;
			buildActionMask = 2147483647;
			files = (
				378F3487281DBE210063CE4F /* ProfileReactor.swift in Sources */,
				37912C9A281447C40087B95E /* Array+Extension.swift in Sources */,
				3743809D284FDB5300CB02A5 /* ExceptionResponseInfoDTO.swift in Sources */,
				374380A9284FDDC600CB02A5 /* TokenResponseDTO.swift in Sources */,
				37605E01283A2AE200394929 /* RxASAuthorizationControllerPresentationContextProvidingProxy.swift in Sources */,
				378F348D281DC0660063CE4F /* ChattingCoordinator.swift in Sources */,
				378F347E281DBE070063CE4F /* GatherListViewController.swift in Sources */,
				37AC310828493367003C3FA2 /* ContourView.swift in Sources */,
				37479B9B283E763B0078386E /* UIColor+Extension.swift in Sources */,
				374380AD284FE05100CB02A5 /* SearchingClubDTO.swift in Sources */,
				37AA7E182850B19D00B4B5C2 /* PetSizeTypeDTO.swift in Sources */,
				37605DEF2839547200394929 /* AuthCoordinator.swift in Sources */,
				376006C228487FFE00B27015 /* SignUpProfileCoordinator.swift in Sources */,
				37605E05283C12D400394929 /* SignUpAgreementViewController.swift in Sources */,
				37605DFB2839FF4A00394929 /* ASAuthorizationAppleIDButton+Rx.swift in Sources */,
				29AE222E284B7DAA00EDF34B /* SearchReactor.swift in Sources */,
				377370892841DE3500D5CCB6 /* SignUpProfileReactor.swift in Sources */,
				FDE6F14A28523493005E4783 /* UICollectionView+Extension.swift in Sources */,
				37479B9F283EAE140078386E /* UIImage+Extension.swift in Sources */,
				FDE6F1482852317F005E4783 /* UITableView+Extension.swift in Sources */,
				37912CA628144A530087B95E /* TabCoordinator.swift in Sources */,
				FDE6F146285215BD005E4783 /* UIFont+Extension.swift in Sources */,
				374380AB284FDFDD00CB02A5 /* SearchingRequestDTO.swift in Sources */,
				37605E06283C12D400394929 /* SignUpAgreementReactor.swift in Sources */,
				FD8AD7092851E2AA00454AC3 /* PaddingLabel.swift in Sources */,
				FD8AD70B2851E51300454AC3 /* TagCollectionViewCell.swift in Sources */,
				37605DEC28394E0400394929 /* AppCoordinator.swift in Sources */,
				37912C9C2814480C0087B95E /* NSLayoutConstraint+Extension.swift in Sources */,
				29AE2232284B7F1100EDF34B /* UIView+Extension.swift in Sources */,
				379B1A7B285A52EA00E58A34 /* AppleLoginRepositoryInterface.swift in Sources */,
				37479BA1283EBB220078386E /* UIButton+Extension.swift in Sources */,
				374F41DA2864EB060074F04B /* KeychainUseCase.swift in Sources */,
				37605DFD283A003B00394929 /* ASAuthorizationAppleIDProvider+Rx.swift in Sources */,
				FD8AD7052851E26200454AC3 /* GatherListTableView.swift in Sources */,
				37912CA0281449230087B95E /* Coordinator.swift in Sources */,
				379B1A77285A4F7700E58A34 /* AppleCredentialRequestDTO.swift in Sources */,
				37605E0A283C23FC00394929 /* SignUpAgreementCoordinator.swift in Sources */,
				37C3F4ED284BF4380006CB02 /* KeychainProvidable.swift in Sources */,
				378F348F281DC0770063CE4F /* ProfileCoordinator.swift in Sources */,
				376006C82848A16400B27015 /* RegularExpressionValidatable.swift in Sources */,
				FD8AD7072851E28000454AC3 /* GatherListCell.swift in Sources */,
				37C3F4F8284C70E40006CB02 /* KeychainQueryRequestable.swift in Sources */,
				37C14516284DC90900D11CC3 /* HTTPMethod.swift in Sources */,
				37C3F4FA284C71030006CB02 /* KeychainQueryRequester.swift in Sources */,
				37AA7E1C2850B1C400B4B5C2 /* StatusDTO.swift in Sources */,
				378F347F281DBE070063CE4F /* GatherListReactor.swift in Sources */,
				374F41D12864E70F0074F04B /* AccountValidation.swift in Sources */,
				374F41CF2864E6C60074F04B /* AccountValidationResponseDTO.swift in Sources */,
				37605DF62839FB4100394929 /* RxASAuthorizationControllerDelegateProxy.swift in Sources */,
				374380A3284FDCE500CB02A5 /* SexDTO.swift in Sources */,
				37AA7E212851FCA200B4B5C2 /* Authentification.swift in Sources */,
				37AA7E162850B17600B4B5C2 /* EligibleBreedDTO.swift in Sources */,
				37C3F4FC284C7D8B0006CB02 /* KeychainError.swift in Sources */,
				37AA7E142850B15800B4B5C2 /* CategoryDTO.swift in Sources */,
				378F3483281DBE140063CE4F /* ChattingReactor.swift in Sources */,
				376006C528489A2B00B27015 /* RegularExpressionValidator.swift in Sources */,
				374F41CD2864E5250074F04B /* AccountValidationRepository.swift in Sources */,
				3773708C2841DE6D00D5CCB6 /* UserAuthentification.swift in Sources */,
				FDE6F14C285234A3005E4783 /* NSObject+Extension.swift in Sources */,
				374F41D52864E9490074F04B /* KeychainService.swift in Sources */,
				37605DF92839FDB300394929 /* ASAuthorizationController+Rx.swift in Sources */,
				374380A7284FDD8A00CB02A5 /* SocialTypeDTO.swift in Sources */,
				37AA7E1E2850B37B00B4B5C2 /* Sex.swift in Sources */,
				37438097284FD9F800CB02A5 /* ExceptionResponseDTO.swift in Sources */,
				37C1451B284E06E400D11CC3 /* NetworkManager.swift in Sources */,
				374F41DC2864ED6E0074F04B /* KeychainTokens.swift in Sources */,
				37912CA2281449610087B95E /* SceneCoordinator.swift in Sources */,
				374F41D32864E86F0074F04B /* AccountValidationRepositoryInterface.swift in Sources */,
				37605E08283C179A00394929 /* LoginCoordinator.swift in Sources */,
				37453D7E281DAE0900423CF0 /* BaseViewController.swift in Sources */,
				3773707F2841B95000D5CCB6 /* CheckBox.swift in Sources */,
				FD9D38EE28543409005A0C86 /* SegmentView.swift in Sources */,
				378F3482281DBE140063CE4F /* ChattingViewController.swift in Sources */,
				379B1A7D285A580D00E58A34 /* SignInResult.swift in Sources */,
				378F347B281DBDF10063CE4F /* LoginReactor.swift in Sources */,
				37912C65281445AC0087B95E /* AppDelegate.swift in Sources */,
				374380AF284FE13300CB02A5 /* SearchingResponseDTO.swift in Sources */,
				374F41D72864E97A0074F04B /* KeychainAccount.swift in Sources */,
				29AE222D284B7DAA00EDF34B /* SearchViewController.swift in Sources */,
				377370882841DE3500D5CCB6 /* SignUpProfileViewController.swift in Sources */,
				376006CA28490EFD00B27015 /* EnableButton.swift in Sources */,
				379B1A79285A52DA00E58A34 /* AppleLoginRepository.swift in Sources */,
				378F3486281DBE210063CE4F /* ProfileViewController.swift in Sources */,
				378F348B281DC0560063CE4F /* GatherListCoordinator.swift in Sources */,
				37438095284FD9BA00CB02A5 /* ExceptionDetailResponseDTO.swift in Sources */,
				374F41DE2864F0780074F04B /* KeychainUseCaseInterface.swift in Sources */,
				37AC3105284930E6003C3FA2 /* SignUpInfomationViewController.swift in Sources */,
				3743809F284FDBB600CB02A5 /* SignInResponseDTO.swift in Sources */,
				378F347A281DBDF10063CE4F /* LoginViewController.swift in Sources */,
				37912C67281445AC0087B95E /* SceneDelegate.swift in Sources */,
				37C1451D284F9D6500D11CC3 /* NetworkManageable.swift in Sources */,
				37AA7E1A2850B1B600B4B5C2 /* EligibleSexDTO.swift in Sources */,
				37AC3106284930E6003C3FA2 /* SignUpInfomationReactor.swift in Sources */,
				37C14518284DC94A00D11CC3 /* NetworkError.swift in Sources */,
				37C3F4EF284BF4450006CB02 /* KeychainProvider.swift in Sources */,
				377370842841BE1000D5CCB6 /* UIButton+Rx.swift in Sources */,
			);
			runOnlyForDeploymentPostprocessing = 0;
		};
		37912C73281445AD0087B95E /* Sources */ = {
			isa = PBXSourcesBuildPhase;
			buildActionMask = 2147483647;
			files = (
				37C14524284FA17800D11CC3 /* NetworkManagerTests.swift in Sources */,
				37C14522284F9EFB00D11CC3 /* MockURLProtocol.swift in Sources */,
				37C3F62C284D194C0006CB02 /* StubKeychainQueryRequester.swift in Sources */,
				37912C7C281445AD0087B95E /* KeychainProviderTests.swift in Sources */,
			);
			runOnlyForDeploymentPostprocessing = 0;
		};
/* End PBXSourcesBuildPhase section */

/* Begin PBXTargetDependency section */
		37912C79281445AD0087B95E /* PBXTargetDependency */ = {
			isa = PBXTargetDependency;
			target = 37912C60281445AC0087B95E /* App */;
			targetProxy = 37912C78281445AD0087B95E /* PBXContainerItemProxy */;
		};
/* End PBXTargetDependency section */

/* Begin PBXVariantGroup section */
		37912C6F281445AD0087B95E /* LaunchScreen.storyboard */ = {
			isa = PBXVariantGroup;
			children = (
				37912C70281445AD0087B95E /* Base */,
			);
			name = LaunchScreen.storyboard;
			sourceTree = "<group>";
		};
/* End PBXVariantGroup section */

/* Begin XCBuildConfiguration section */
		37912C89281445AD0087B95E /* Debug */ = {
			isa = XCBuildConfiguration;
			buildSettings = {
				ALWAYS_SEARCH_USER_PATHS = NO;
				CLANG_ANALYZER_NONNULL = YES;
				CLANG_ANALYZER_NUMBER_OBJECT_CONVERSION = YES_AGGRESSIVE;
				CLANG_CXX_LANGUAGE_STANDARD = "gnu++17";
				CLANG_CXX_LIBRARY = "libc++";
				CLANG_ENABLE_MODULES = YES;
				CLANG_ENABLE_OBJC_ARC = YES;
				CLANG_ENABLE_OBJC_WEAK = YES;
				CLANG_WARN_BLOCK_CAPTURE_AUTORELEASING = YES;
				CLANG_WARN_BOOL_CONVERSION = YES;
				CLANG_WARN_COMMA = YES;
				CLANG_WARN_CONSTANT_CONVERSION = YES;
				CLANG_WARN_DEPRECATED_OBJC_IMPLEMENTATIONS = YES;
				CLANG_WARN_DIRECT_OBJC_ISA_USAGE = YES_ERROR;
				CLANG_WARN_DOCUMENTATION_COMMENTS = YES;
				CLANG_WARN_EMPTY_BODY = YES;
				CLANG_WARN_ENUM_CONVERSION = YES;
				CLANG_WARN_INFINITE_RECURSION = YES;
				CLANG_WARN_INT_CONVERSION = YES;
				CLANG_WARN_NON_LITERAL_NULL_CONVERSION = YES;
				CLANG_WARN_OBJC_IMPLICIT_RETAIN_SELF = YES;
				CLANG_WARN_OBJC_LITERAL_CONVERSION = YES;
				CLANG_WARN_OBJC_ROOT_CLASS = YES_ERROR;
				CLANG_WARN_QUOTED_INCLUDE_IN_FRAMEWORK_HEADER = YES;
				CLANG_WARN_RANGE_LOOP_ANALYSIS = YES;
				CLANG_WARN_STRICT_PROTOTYPES = YES;
				CLANG_WARN_SUSPICIOUS_MOVE = YES;
				CLANG_WARN_UNGUARDED_AVAILABILITY = YES_AGGRESSIVE;
				CLANG_WARN_UNREACHABLE_CODE = YES;
				CLANG_WARN__DUPLICATE_METHOD_MATCH = YES;
				COPY_PHASE_STRIP = NO;
				DEBUG_INFORMATION_FORMAT = dwarf;
				ENABLE_STRICT_OBJC_MSGSEND = YES;
				ENABLE_TESTABILITY = YES;
				GCC_C_LANGUAGE_STANDARD = gnu11;
				GCC_DYNAMIC_NO_PIC = NO;
				GCC_NO_COMMON_BLOCKS = YES;
				GCC_OPTIMIZATION_LEVEL = 0;
				GCC_PREPROCESSOR_DEFINITIONS = (
					"DEBUG=1",
					"$(inherited)",
				);
				GCC_WARN_64_TO_32_BIT_CONVERSION = YES;
				GCC_WARN_ABOUT_RETURN_TYPE = YES_ERROR;
				GCC_WARN_UNDECLARED_SELECTOR = YES;
				GCC_WARN_UNINITIALIZED_AUTOS = YES_AGGRESSIVE;
				GCC_WARN_UNUSED_FUNCTION = YES;
				GCC_WARN_UNUSED_VARIABLE = YES;
				IPHONEOS_DEPLOYMENT_TARGET = 14.0;
				MTL_ENABLE_DEBUG_INFO = INCLUDE_SOURCE;
				MTL_FAST_MATH = YES;
				ONLY_ACTIVE_ARCH = YES;
				SDKROOT = iphoneos;
				SWIFT_ACTIVE_COMPILATION_CONDITIONS = DEBUG;
				SWIFT_OPTIMIZATION_LEVEL = "-Onone";
			};
			name = Debug;
		};
		37912C8A281445AD0087B95E /* Release */ = {
			isa = XCBuildConfiguration;
			buildSettings = {
				ALWAYS_SEARCH_USER_PATHS = NO;
				CLANG_ANALYZER_NONNULL = YES;
				CLANG_ANALYZER_NUMBER_OBJECT_CONVERSION = YES_AGGRESSIVE;
				CLANG_CXX_LANGUAGE_STANDARD = "gnu++17";
				CLANG_CXX_LIBRARY = "libc++";
				CLANG_ENABLE_MODULES = YES;
				CLANG_ENABLE_OBJC_ARC = YES;
				CLANG_ENABLE_OBJC_WEAK = YES;
				CLANG_WARN_BLOCK_CAPTURE_AUTORELEASING = YES;
				CLANG_WARN_BOOL_CONVERSION = YES;
				CLANG_WARN_COMMA = YES;
				CLANG_WARN_CONSTANT_CONVERSION = YES;
				CLANG_WARN_DEPRECATED_OBJC_IMPLEMENTATIONS = YES;
				CLANG_WARN_DIRECT_OBJC_ISA_USAGE = YES_ERROR;
				CLANG_WARN_DOCUMENTATION_COMMENTS = YES;
				CLANG_WARN_EMPTY_BODY = YES;
				CLANG_WARN_ENUM_CONVERSION = YES;
				CLANG_WARN_INFINITE_RECURSION = YES;
				CLANG_WARN_INT_CONVERSION = YES;
				CLANG_WARN_NON_LITERAL_NULL_CONVERSION = YES;
				CLANG_WARN_OBJC_IMPLICIT_RETAIN_SELF = YES;
				CLANG_WARN_OBJC_LITERAL_CONVERSION = YES;
				CLANG_WARN_OBJC_ROOT_CLASS = YES_ERROR;
				CLANG_WARN_QUOTED_INCLUDE_IN_FRAMEWORK_HEADER = YES;
				CLANG_WARN_RANGE_LOOP_ANALYSIS = YES;
				CLANG_WARN_STRICT_PROTOTYPES = YES;
				CLANG_WARN_SUSPICIOUS_MOVE = YES;
				CLANG_WARN_UNGUARDED_AVAILABILITY = YES_AGGRESSIVE;
				CLANG_WARN_UNREACHABLE_CODE = YES;
				CLANG_WARN__DUPLICATE_METHOD_MATCH = YES;
				COPY_PHASE_STRIP = NO;
				DEBUG_INFORMATION_FORMAT = "dwarf-with-dsym";
				ENABLE_NS_ASSERTIONS = NO;
				ENABLE_STRICT_OBJC_MSGSEND = YES;
				GCC_C_LANGUAGE_STANDARD = gnu11;
				GCC_NO_COMMON_BLOCKS = YES;
				GCC_WARN_64_TO_32_BIT_CONVERSION = YES;
				GCC_WARN_ABOUT_RETURN_TYPE = YES_ERROR;
				GCC_WARN_UNDECLARED_SELECTOR = YES;
				GCC_WARN_UNINITIALIZED_AUTOS = YES_AGGRESSIVE;
				GCC_WARN_UNUSED_FUNCTION = YES;
				GCC_WARN_UNUSED_VARIABLE = YES;
				IPHONEOS_DEPLOYMENT_TARGET = 14.0;
				MTL_ENABLE_DEBUG_INFO = NO;
				MTL_FAST_MATH = YES;
				SDKROOT = iphoneos;
				SWIFT_COMPILATION_MODE = wholemodule;
				SWIFT_OPTIMIZATION_LEVEL = "-O";
				VALIDATE_PRODUCT = YES;
			};
			name = Release;
		};
		37912C8C281445AD0087B95E /* Debug */ = {
			isa = XCBuildConfiguration;
			buildSettings = {
				ASSETCATALOG_COMPILER_APPICON_NAME = AppIcon;
				ASSETCATALOG_COMPILER_GLOBAL_ACCENT_COLOR_NAME = AccentColor;
				CODE_SIGN_ENTITLEMENTS = App/App.entitlements;
				CODE_SIGN_IDENTITY = "iPhone Developer";
				CODE_SIGN_STYLE = Manual;
				CURRENT_PROJECT_VERSION = 1;
				DEVELOPMENT_TEAM = SQ5T25W9V5;
				GENERATE_INFOPLIST_FILE = YES;
				INFOPLIST_FILE = App/Info.plist;
				INFOPLIST_KEY_UIApplicationSupportsIndirectInputEvents = YES;
				INFOPLIST_KEY_UILaunchStoryboardName = LaunchScreen;
				INFOPLIST_KEY_UISupportedInterfaceOrientations_iPad = "UIInterfaceOrientationPortrait UIInterfaceOrientationPortraitUpsideDown UIInterfaceOrientationLandscapeLeft UIInterfaceOrientationLandscapeRight";
				INFOPLIST_KEY_UISupportedInterfaceOrientations_iPhone = "UIInterfaceOrientationPortrait UIInterfaceOrientationLandscapeLeft UIInterfaceOrientationLandscapeRight";
				LD_RUNPATH_SEARCH_PATHS = (
					"$(inherited)",
					"@executable_path/Frameworks",
				);
				MARKETING_VERSION = 1.0;
				PRODUCT_BUNDLE_IDENTIFIER = com.yapp.togather;
				PRODUCT_NAME = "$(TARGET_NAME)";
				PROVISIONING_PROFILE_SPECIFIER = TogaetherDev;
				SWIFT_EMIT_LOC_STRINGS = YES;
				SWIFT_VERSION = 5.0;
				TARGETED_DEVICE_FAMILY = "1,2";
			};
			name = Debug;
		};
		37912C8D281445AD0087B95E /* Release */ = {
			isa = XCBuildConfiguration;
			buildSettings = {
				ASSETCATALOG_COMPILER_APPICON_NAME = AppIcon;
				ASSETCATALOG_COMPILER_GLOBAL_ACCENT_COLOR_NAME = AccentColor;
				CODE_SIGN_ENTITLEMENTS = App/App.entitlements;
				CODE_SIGN_IDENTITY = "iPhone Distribution";
				CODE_SIGN_STYLE = Manual;
				CURRENT_PROJECT_VERSION = 1;
				DEVELOPMENT_TEAM = SQ5T25W9V5;
				GENERATE_INFOPLIST_FILE = YES;
				INFOPLIST_FILE = App/Info.plist;
				INFOPLIST_KEY_UIApplicationSupportsIndirectInputEvents = YES;
				INFOPLIST_KEY_UILaunchStoryboardName = LaunchScreen;
				INFOPLIST_KEY_UISupportedInterfaceOrientations_iPad = "UIInterfaceOrientationPortrait UIInterfaceOrientationPortraitUpsideDown UIInterfaceOrientationLandscapeLeft UIInterfaceOrientationLandscapeRight";
				INFOPLIST_KEY_UISupportedInterfaceOrientations_iPhone = "UIInterfaceOrientationPortrait UIInterfaceOrientationLandscapeLeft UIInterfaceOrientationLandscapeRight";
				LD_RUNPATH_SEARCH_PATHS = (
					"$(inherited)",
					"@executable_path/Frameworks",
				);
				MARKETING_VERSION = 1.0;
				PRODUCT_BUNDLE_IDENTIFIER = com.yapp.togather;
				PRODUCT_NAME = "$(TARGET_NAME)";
				PROVISIONING_PROFILE_SPECIFIER = TogaetherDistribution;
				SWIFT_EMIT_LOC_STRINGS = YES;
				SWIFT_VERSION = 5.0;
				TARGETED_DEVICE_FAMILY = "1,2";
			};
			name = Release;
		};
		37912C8F281445AD0087B95E /* Debug */ = {
			isa = XCBuildConfiguration;
			buildSettings = {
				ALWAYS_EMBED_SWIFT_STANDARD_LIBRARIES = YES;
				BUNDLE_LOADER = "$(TEST_HOST)";
				CODE_SIGN_STYLE = Automatic;
				CURRENT_PROJECT_VERSION = 1;
				GENERATE_INFOPLIST_FILE = YES;
				IPHONEOS_DEPLOYMENT_TARGET = 14.0;
				MARKETING_VERSION = 1.0;
				PRODUCT_BUNDLE_IDENTIFIER = com.yapp.togather;
				PRODUCT_NAME = "$(TARGET_NAME)";
				SWIFT_EMIT_LOC_STRINGS = NO;
				SWIFT_VERSION = 5.0;
				TARGETED_DEVICE_FAMILY = "1,2";
				TEST_HOST = "$(BUILT_PRODUCTS_DIR)/App.app/App";
			};
			name = Debug;
		};
		37912C90281445AD0087B95E /* Release */ = {
			isa = XCBuildConfiguration;
			buildSettings = {
				ALWAYS_EMBED_SWIFT_STANDARD_LIBRARIES = YES;
				BUNDLE_LOADER = "$(TEST_HOST)";
				CODE_SIGN_STYLE = Automatic;
				CURRENT_PROJECT_VERSION = 1;
				GENERATE_INFOPLIST_FILE = YES;
				IPHONEOS_DEPLOYMENT_TARGET = 14.0;
				MARKETING_VERSION = 1.0;
				PRODUCT_BUNDLE_IDENTIFIER = com.yapp.togather;
				PRODUCT_NAME = "$(TARGET_NAME)";
				SWIFT_EMIT_LOC_STRINGS = NO;
				SWIFT_VERSION = 5.0;
				TARGETED_DEVICE_FAMILY = "1,2";
				TEST_HOST = "$(BUILT_PRODUCTS_DIR)/App.app/App";
			};
			name = Release;
		};
/* End XCBuildConfiguration section */

/* Begin XCConfigurationList section */
		37912C5C281445AC0087B95E /* Build configuration list for PBXProject "App" */ = {
			isa = XCConfigurationList;
			buildConfigurations = (
				37912C89281445AD0087B95E /* Debug */,
				37912C8A281445AD0087B95E /* Release */,
			);
			defaultConfigurationIsVisible = 0;
			defaultConfigurationName = Release;
		};
		37912C8B281445AD0087B95E /* Build configuration list for PBXNativeTarget "App" */ = {
			isa = XCConfigurationList;
			buildConfigurations = (
				37912C8C281445AD0087B95E /* Debug */,
				37912C8D281445AD0087B95E /* Release */,
			);
			defaultConfigurationIsVisible = 0;
			defaultConfigurationName = Release;
		};
		37912C8E281445AD0087B95E /* Build configuration list for PBXNativeTarget "AppTests" */ = {
			isa = XCConfigurationList;
			buildConfigurations = (
				37912C8F281445AD0087B95E /* Debug */,
				37912C90281445AD0087B95E /* Release */,
			);
			defaultConfigurationIsVisible = 0;
			defaultConfigurationName = Release;
		};
/* End XCConfigurationList section */

/* Begin XCRemoteSwiftPackageReference section */
		37451F232834245100696B21 /* XCRemoteSwiftPackageReference "WeakMapTable" */ = {
			isa = XCRemoteSwiftPackageReference;
			repositoryURL = "https://github.com/ReactorKit/WeakMapTable";
			requirement = {
				kind = upToNextMajorVersion;
				minimumVersion = 1.0.0;
			};
		};
		37605E0F283C56B900394929 /* XCRemoteSwiftPackageReference "RxGesture" */ = {
			isa = XCRemoteSwiftPackageReference;
			repositoryURL = "https://github.com/RxSwiftCommunity/RxGesture";
			requirement = {
				kind = upToNextMajorVersion;
				minimumVersion = 4.0.0;
			};
		};
		3770FFEC283112E8001960A0 /* XCRemoteSwiftPackageReference "RxSwift" */ = {
			isa = XCRemoteSwiftPackageReference;
			repositoryURL = "https://github.com/ReactiveX/RxSwift";
			requirement = {
				kind = upToNextMajorVersion;
				minimumVersion = 6.0.0;
			};
		};
		3770FFF1283112F4001960A0 /* XCRemoteSwiftPackageReference "ReactorKit" */ = {
			isa = XCRemoteSwiftPackageReference;
			repositoryURL = "https://github.com/ReactorKit/ReactorKit";
			requirement = {
				kind = upToNextMajorVersion;
				minimumVersion = 3.0.0;
			};
		};
/* End XCRemoteSwiftPackageReference section */

/* Begin XCSwiftPackageProductDependency section */
		37451F242834245100696B21 /* WeakMapTable */ = {
			isa = XCSwiftPackageProductDependency;
			package = 37451F232834245100696B21 /* XCRemoteSwiftPackageReference "WeakMapTable" */;
			productName = WeakMapTable;
		};
		37605E10283C56B900394929 /* RxGesture */ = {
			isa = XCSwiftPackageProductDependency;
			package = 37605E0F283C56B900394929 /* XCRemoteSwiftPackageReference "RxGesture" */;
			productName = RxGesture;
		};
		37654FA7284FBA3600090C3F /* RxBlocking */ = {
			isa = XCSwiftPackageProductDependency;
			package = 3770FFEC283112E8001960A0 /* XCRemoteSwiftPackageReference "RxSwift" */;
			productName = RxBlocking;
		};
		37654FA9284FBA3600090C3F /* RxRelay */ = {
			isa = XCSwiftPackageProductDependency;
			package = 3770FFEC283112E8001960A0 /* XCRemoteSwiftPackageReference "RxSwift" */;
			productName = RxRelay;
		};
		37654FAB284FBA3600090C3F /* RxSwift */ = {
			isa = XCSwiftPackageProductDependency;
			package = 3770FFEC283112E8001960A0 /* XCRemoteSwiftPackageReference "RxSwift" */;
			productName = RxSwift;
		};
		37654FAD284FBA3600090C3F /* RxTest */ = {
			isa = XCSwiftPackageProductDependency;
			package = 3770FFEC283112E8001960A0 /* XCRemoteSwiftPackageReference "RxSwift" */;
			productName = RxTest;
		};
		3770FFED283112E8001960A0 /* RxCocoa */ = {
			isa = XCSwiftPackageProductDependency;
			package = 3770FFEC283112E8001960A0 /* XCRemoteSwiftPackageReference "RxSwift" */;
			productName = RxCocoa;
		};
		3770FFEF283112E8001960A0 /* RxSwift */ = {
			isa = XCSwiftPackageProductDependency;
			package = 3770FFEC283112E8001960A0 /* XCRemoteSwiftPackageReference "RxSwift" */;
			productName = RxSwift;
		};
		3770FFF2283112F4001960A0 /* ReactorKit */ = {
			isa = XCSwiftPackageProductDependency;
			package = 3770FFF1283112F4001960A0 /* XCRemoteSwiftPackageReference "ReactorKit" */;
			productName = ReactorKit;
		};
/* End XCSwiftPackageProductDependency section */
	};
	rootObject = 37912C59281445AC0087B95E /* Project object */;
}
